{
  "originHash" : "2d457a0d145c5ec561d10ae3f13d805b262d5bfda9ebf0868311848416a25b6e",
  "pins" : [
    {
      "identity" : "bitcoinui",
      "kind" : "remoteSourceControl",
      "location" : "https://github.com/reez/BitcoinUI.git",
      "state" : {
        "revision" : "a92d2426526cf50858122c9c019e9b5ac138214a",
        "version" : "1.0.8"
      }
    },
    {
      "identity" : "codescanner",
      "kind" : "remoteSourceControl",
      "location" : "https://github.com/twostraws/CodeScanner",
      "state" : {
        "revision" : "5e886430238944c7200fc9e10dbf2d9550dba865",
        "version" : "2.5.2"
      }
    },
    {
      "identity" : "keychainaccess",
      "kind" : "remoteSourceControl",
      "location" : "https://github.com/kishikawakatsumi/KeychainAccess.git",
      "state" : {
        "revision" : "84e546727d66f1adc5439debad16270d0fdd04e7",
        "version" : "4.2.2"
      }
    },
    {
      "identity" : "simpletoast",
      "kind" : "remoteSourceControl",
      "location" : "https://github.com/sanzaru/SimpleToast.git",
      "state" : {
        "revision" : "99330cceeea6a9068d40ccbe27efb75d240098ef",
        "version" : "0.10.1"
      }
    }
  ],
  "version" : 3
}
