{
  "pins" : [
    {
      "identity" : "bitcoinui",
      "kind" : "remoteSourceControl",
      "location" : "https://github.com/reez/BitcoinUI.git",
      "state" : {
        "revision" : "65690af03588a9efc91bf12160f3cc255088a35b",
        "version" : "1.0.3"
      }
    },
    {
      "identity" : "codescanner",
      "kind" : "remoteSourceControl",
      "location" : "https://github.com/twostraws/CodeScanner",
      "state" : {
        "revision" : "4b2f9c57d03bfe94e6b45572e0c908c1433c32b2",
        "version" : "2.3.2"
      }
    },
    {
      "identity" : "keychainaccess",
      "kind" : "remoteSourceControl",
      "location" : "https://github.com/kishikawakatsumi/KeychainAccess.git",
      "state" : {
        "revision" : "84e546727d66f1adc5439debad16270d0fdd04e7",
        "version" : "4.2.2"
      }
    },
    {
      "identity" : "ldk-node",
      "kind" : "remoteSourceControl",
      "location" : "https://github.com/lightningdevkit/ldk-node.git",
      "state" : {
        "revision" : "ae168bb9f75ce8522efbd5e888532ab7ab0f494e",
        "version" : "0.2.0"
      }
    }
  ],
  "version" : 2
}
