// !$*UTF8*$!
{
	archiveVersion = 1;
	classes = {
	};
	objectVersion = 56;
	objects = {

/* Begin PBXBuildFile section */
		65269D402DF9C32F00EB63F3 /* LSPSettingsView.swift in Sources */ = {isa = PBXBuildFile; fileRef = 65269D3F2DF9C32F00EB63F3 /* LSPSettingsView.swift */; };
		652CF3A62D6DFEE200D700D0 /* AmountEntryView.swift in Sources */ = {isa = PBXBuildFile; fileRef = 652CF3A52D6DFEDC00D700D0 /* AmountEntryView.swift */; };
		655574802D398A750064F859 /* LoadingView.swift in Sources */ = {isa = PBXBuildFile; fileRef = 6555747F2D398A750064F859 /* LoadingView.swift */; };
		655574822D3994E10064F859 /* ErrorView.swift in Sources */ = {isa = PBXBuildFile; fileRef = 655574812D3994E10064F859 /* ErrorView.swift */; };
		6555D58B2D7F010A00E5D533 /* SendView.swift in Sources */ = {isa = PBXBuildFile; fileRef = 6555D58A2D7F010A00E5D533 /* SendView.swift */; };
		6555D58D2D80658A00E5D533 /* SendReviewView.swift in Sources */ = {isa = PBXBuildFile; fileRef = 6555D58C2D80658A00E5D533 /* SendReviewView.swift */; };
		6555D58F2D806A3900E5D533 /* SendManualEntry.swift in Sources */ = {isa = PBXBuildFile; fileRef = 6555D58E2D806A3900E5D533 /* SendManualEntry.swift */; };
		655C19042D42AB1500AC5F72 /* WalletClient.swift in Sources */ = {isa = PBXBuildFile; fileRef = 655C19032D42AB1500AC5F72 /* WalletClient.swift */; };
		6560EB812D65F8E000BBE772 /* QRView.swift in Sources */ = {isa = PBXBuildFile; fileRef = 6560EB802D65F8D400BBE772 /* QRView.swift */; };
		65875A932CCB9809000D3E70 /* LDKNode in Frameworks */ = {isa = PBXBuildFile; productRef = 65875A922CCB9809000D3E70 /* LDKNode */; };
		659EE6952CF8D4990064ED78 /* ImportWalletView.swift in Sources */ = {isa = PBXBuildFile; fileRef = 659EE6942CF8D4990064ED78 /* ImportWalletView.swift */; };
		65A406632D070CBD00EA331E /* NetworkSettingsView.swift in Sources */ = {isa = PBXBuildFile; fileRef = 65A406622D070CBD00EA331E /* NetworkSettingsView.swift */; };
		AE00550E2B479EF000100797 /* OnboardingView.swift in Sources */ = {isa = PBXBuildFile; fileRef = AE00550D2B479EF000100797 /* OnboardingView.swift */; };
		AE0055102B479F1100100797 /* OnboardingViewModel.swift in Sources */ = {isa = PBXBuildFile; fileRef = AE00550F2B479F1100100797 /* OnboardingViewModel.swift */; };
		AE0055122B47A65700100797 /* Color+Extensions.swift in Sources */ = {isa = PBXBuildFile; fileRef = AE0055112B47A65700100797 /* Color+Extensions.swift */; };
		AE0055142B4895B500100797 /* SeedViewModel.swift in Sources */ = {isa = PBXBuildFile; fileRef = AE0055132B4895B500100797 /* SeedViewModel.swift */; };
		AE0055162B4A0E0100100797 /* Logger+Extensions.swift in Sources */ = {isa = PBXBuildFile; fileRef = AE0055152B4A0E0100100797 /* Logger+Extensions.swift */; };
		AE0055182B4A21BA00100797 /* Network+Extensions.swift in Sources */ = {isa = PBXBuildFile; fileRef = AE0055172B4A21BA00100797 /* Network+Extensions.swift */; };
		AE01C5B02AB3BEED00F28C7E /* KeychainAccess in Frameworks */ = {isa = PBXBuildFile; productRef = AE01C5AF2AB3BEED00F28C7E /* KeychainAccess */; };
		AE01C5B22AB3BF3C00F28C7E /* KeyService.swift in Sources */ = {isa = PBXBuildFile; fileRef = AE01C5B12AB3BF3C00F28C7E /* KeyService.swift */; };
		AE01C5B42AB3BF8100F28C7E /* Bundle+Extensions.swift in Sources */ = {isa = PBXBuildFile; fileRef = AE01C5B32AB3BF8100F28C7E /* Bundle+Extensions.swift */; };
		AE01C5B62AB3C0A200F28C7E /* BackupInfo.swift in Sources */ = {isa = PBXBuildFile; fileRef = AE01C5B52AB3C0A200F28C7E /* BackupInfo.swift */; };
		AE01C5B82AB3C0C400F28C7E /* KeyServiceError.swift in Sources */ = {isa = PBXBuildFile; fileRef = AE01C5B72AB3C0C400F28C7E /* KeyServiceError.swift */; };
		AE028A242B96316B00B336E7 /* SendReceiveOption.swift in Sources */ = {isa = PBXBuildFile; fileRef = AE028A232B96316B00B336E7 /* SendReceiveOption.swift */; };
		AE028A2C2B96381200B336E7 /* LightningServiceError.swift in Sources */ = {isa = PBXBuildFile; fileRef = AE028A2B2B96381200B336E7 /* LightningServiceError.swift */; };
		AE028A2E2B9638EC00B336E7 /* FileManager+Extensions.swift in Sources */ = {isa = PBXBuildFile; fileRef = AE028A2D2B9638EC00B336E7 /* FileManager+Extensions.swift */; };
		AE060C382C051B59006724F1 /* LDKNode in Frameworks */ = {isa = PBXBuildFile; productRef = AE060C372C051B59006724F1 /* LDKNode */; };
		AE0BD4AC2B598C3F00B9901E /* UInt32+Extensions.swift in Sources */ = {isa = PBXBuildFile; fileRef = AE0BD4AB2B598C3F00B9901E /* UInt32+Extensions.swift */; };
		AE0C41EC2DCA8F26007C73F7 /* PaymentDetailView.swift in Sources */ = {isa = PBXBuildFile; fileRef = AE0C41EB2DCA8F26007C73F7 /* PaymentDetailView.swift */; };
		AE0C41EE2DCA8FE1007C73F7 /* PaymentDetails+Extensions.swift in Sources */ = {isa = PBXBuildFile; fileRef = AE0C41ED2DCA8FE1007C73F7 /* PaymentDetails+Extensions.swift */; };
		AE17E8DA29A402E30058C9C9 /* LDKNodeMondayApp.swift in Sources */ = {isa = PBXBuildFile; fileRef = AE17E8D929A402E30058C9C9 /* LDKNodeMondayApp.swift */; };
		AE17E8DE29A402E40058C9C9 /* Assets.xcassets in Resources */ = {isa = PBXBuildFile; fileRef = AE17E8DD29A402E40058C9C9 /* Assets.xcassets */; };
		AE17E8E129A402E40058C9C9 /* Preview Assets.xcassets in Resources */ = {isa = PBXBuildFile; fileRef = AE17E8E029A402E40058C9C9 /* Preview Assets.xcassets */; };
		AE17E90D29A42D430058C9C9 /* LightningNodeService.swift in Sources */ = {isa = PBXBuildFile; fileRef = AE17E90C29A42D430058C9C9 /* LightningNodeService.swift */; };
		AE1D9BEC2B2A1FFD00620748 /* BitcoinUI in Frameworks */ = {isa = PBXBuildFile; productRef = AE1D9BEB2B2A1FFD00620748 /* BitcoinUI */; };
		AE1D9C0B2B2A251500620748 /* ChannelDetails+Extensions.swift in Sources */ = {isa = PBXBuildFile; fileRef = AE1D9C0A2B2A251500620748 /* ChannelDetails+Extensions.swift */; };
		AE33D3AE2C7BD0EE00AF562B /* URL+Extensions.swift in Sources */ = {isa = PBXBuildFile; fileRef = AE33D3AD2C7BD0EE00AF562B /* URL+Extensions.swift */; };
		AE3815362B6A9705006B2952 /* LightningNodesService.swift in Sources */ = {isa = PBXBuildFile; fileRef = AE3815352B6A9705006B2952 /* LightningNodesService.swift */; };
		AE3815392B6A978A006B2952 /* LightningNodeServiceError.swift in Sources */ = {isa = PBXBuildFile; fileRef = AE3815382B6A978A006B2952 /* LightningNodeServiceError.swift */; };
		AE38153B2B6A979E006B2952 /* LightningNodeInfo.swift in Sources */ = {isa = PBXBuildFile; fileRef = AE38153A2B6A979E006B2952 /* LightningNodeInfo.swift */; };
		AE4536152C83508E0047D1B2 /* SendScanAddressView.swift in Sources */ = {isa = PBXBuildFile; fileRef = AE4536142C83508E0047D1B2 /* SendScanAddressView.swift */; };
		AE467F592DCE8964002CE6CF /* LogFilesView.swift in Sources */ = {isa = PBXBuildFile; fileRef = AE467F582DCE8964002CE6CF /* LogFilesView.swift */; };
		AE49E84C2A24F96F002623E8 /* Constants.swift in Sources */ = {isa = PBXBuildFile; fileRef = AE49E84B2A24F96F002623E8 /* Constants.swift */; };
		AE49E8542A253647002623E8 /* BitcoinViewModel.swift in Sources */ = {isa = PBXBuildFile; fileRef = AE49E8532A253647002623E8 /* BitcoinViewModel.swift */; };
		AE49E8582A2536B4002623E8 /* ChannelsListViewModel.swift in Sources */ = {isa = PBXBuildFile; fileRef = AE49E8572A2536B4002623E8 /* ChannelsListViewModel.swift */; };
		AE49E85A2A2536D4002623E8 /* ChannelAddViewModel.swift in Sources */ = {isa = PBXBuildFile; fileRef = AE49E8592A2536D4002623E8 /* ChannelAddViewModel.swift */; };
		AE49E85C2A2536FB002623E8 /* ChannelDetailViewModel.swift in Sources */ = {isa = PBXBuildFile; fileRef = AE49E85B2A2536FB002623E8 /* ChannelDetailViewModel.swift */; };
		AE49E8642A2537B3002623E8 /* PeersListViewModel.swift in Sources */ = {isa = PBXBuildFile; fileRef = AE49E8632A2537B3002623E8 /* PeersListViewModel.swift */; };
		AE49E8662A2537D5002623E8 /* PeerViewModel.swift in Sources */ = {isa = PBXBuildFile; fileRef = AE49E8652A2537D5002623E8 /* PeerViewModel.swift */; };
		AE49E8682A2537FB002623E8 /* DisconnectViewModel.swift in Sources */ = {isa = PBXBuildFile; fileRef = AE49E8672A2537FB002623E8 /* DisconnectViewModel.swift */; };
		AE49E86C2A253A32002623E8 /* SettingsViewModel.swift in Sources */ = {isa = PBXBuildFile; fileRef = AE49E86B2A253A32002623E8 /* SettingsViewModel.swift */; };
		AE4C15B22A1316D100AA8917 /* BitcoinView.swift in Sources */ = {isa = PBXBuildFile; fileRef = AE4C15B12A1316D100AA8917 /* BitcoinView.swift */; };
		AE51BEFA2B37A2A500BAE452 /* Event+Extensions.swift in Sources */ = {isa = PBXBuildFile; fileRef = AE51BEF92B37A2A500BAE452 /* Event+Extensions.swift */; };
		AE51BEFD2B37A5DC00BAE452 /* SimpleToast in Frameworks */ = {isa = PBXBuildFile; productRef = AE51BEFC2B37A5DC00BAE452 /* SimpleToast */; };
		AE551D472B8ECE7D0034B61E /* PaymentType.swift in Sources */ = {isa = PBXBuildFile; fileRef = AE551D462B8ECE7D0034B61E /* PaymentType.swift */; };
		AE551D492B8ECEB00034B61E /* SendViewModel.swift in Sources */ = {isa = PBXBuildFile; fileRef = AE551D482B8ECEB00034B61E /* SendViewModel.swift */; };
		AE5C4FD529A5565700BE3285 /* README.md in Resources */ = {isa = PBXBuildFile; fileRef = AE5C4FD429A5565700BE3285 /* README.md */; };
		AE6BB56F2A008CBA009E16E3 /* UInt64+Extensions.swift in Sources */ = {isa = PBXBuildFile; fileRef = AE6BB56E2A008CBA009E16E3 /* UInt64+Extensions.swift */; };
		AE7096332B5C20480038BE56 /* PriceService.swift in Sources */ = {isa = PBXBuildFile; fileRef = AE7096322B5C20480038BE56 /* PriceService.swift */; };
		AE7096352B5C205F0038BE56 /* PriceServiceError.swift in Sources */ = {isa = PBXBuildFile; fileRef = AE7096342B5C205F0038BE56 /* PriceServiceError.swift */; };
		AE7096382B5C208A0038BE56 /* Price.swift in Sources */ = {isa = PBXBuildFile; fileRef = AE7096372B5C208A0038BE56 /* Price.swift */; };
		AE70963A2B5C22060038BE56 /* Double+Extensions.swift in Sources */ = {isa = PBXBuildFile; fileRef = AE7096392B5C22060038BE56 /* Double+Extensions.swift */; };
		AE70963C2B5C22270038BE56 /* CurrencyCode.swift in Sources */ = {isa = PBXBuildFile; fileRef = AE70963B2B5C22270038BE56 /* CurrencyCode.swift */; };
		AE7594812A4FAE0200EAEDA2 /* PaymentsListView.swift in Sources */ = {isa = PBXBuildFile; fileRef = AE7594802A4FAE0200EAEDA2 /* PaymentsListView.swift */; };
		AE7C4A082B406D590061189D /* SimpleToast in Frameworks */ = {isa = PBXBuildFile; productRef = AE7C4A072B406D590061189D /* SimpleToast */; };
		AE7C4A0C2B40785F0061189D /* SeedView.swift in Sources */ = {isa = PBXBuildFile; fileRef = AE7C4A0B2B40785F0061189D /* SeedView.swift */; };
		AE80116B29A59976009B9967 /* SettingsView.swift in Sources */ = {isa = PBXBuildFile; fileRef = AE80116A29A59976009B9967 /* SettingsView.swift */; };
		AE80116D29A59AF4009B9967 /* ChannelAddView.swift in Sources */ = {isa = PBXBuildFile; fileRef = AE80116C29A59AF4009B9967 /* ChannelAddView.swift */; };
		AE80C2022C4AB38D006E7193 /* ReceiveViewModel.swift in Sources */ = {isa = PBXBuildFile; fileRef = AE80C2012C4AB38D006E7193 /* ReceiveViewModel.swift */; };
		AE80C2052C4AB5E4006E7193 /* LDKNode in Frameworks */ = {isa = PBXBuildFile; productRef = AE80C2042C4AB5E4006E7193 /* LDKNode */; };
		AE94226A2A007D6C007E4F12 /* ChannelsListView.swift in Sources */ = {isa = PBXBuildFile; fileRef = AE9422692A007D6C007E4F12 /* ChannelsListView.swift */; };
		AEBAA4832A01A80A0042EA82 /* PeersListView.swift in Sources */ = {isa = PBXBuildFile; fileRef = AEBAA4822A01A80A0042EA82 /* PeersListView.swift */; };
		AEBAA48D2A01A93B0042EA82 /* PeerView.swift in Sources */ = {isa = PBXBuildFile; fileRef = AEBAA48C2A01A93B0042EA82 /* PeerView.swift */; };
		AEBAA4922A01C34A0042EA82 /* ChannelDetailView.swift in Sources */ = {isa = PBXBuildFile; fileRef = AEBAA4912A01C34A0042EA82 /* ChannelDetailView.swift */; };
		AEBAA4942A01C6BD0042EA82 /* PeerDetailsView.swift in Sources */ = {isa = PBXBuildFile; fileRef = AEBAA4932A01C6BD0042EA82 /* PeerDetailsView.swift */; };
		AEBFD8B02B8A97DB0024E3F7 /* LightningServiceProvider.swift in Sources */ = {isa = PBXBuildFile; fileRef = AEBFD8AF2B8A97DB0024E3F7 /* LightningServiceProvider.swift */; };
		AEBFD8B62B8BABC00024E3F7 /* ReceiveView.swift in Sources */ = {isa = PBXBuildFile; fileRef = AEBFD8B52B8BABC00024E3F7 /* ReceiveView.swift */; };
		AEDF47F12B3FADF900145D64 /* EventService.swift in Sources */ = {isa = PBXBuildFile; fileRef = AEDF47F02B3FADF900145D64 /* EventService.swift */; };
		AEDF47F32B3FBAB900145D64 /* Notification+Extensions.swift in Sources */ = {isa = PBXBuildFile; fileRef = AEDF47F22B3FBAB900145D64 /* Notification+Extensions.swift */; };
		AEDF76022B5C6863002DDEE1 /* Optional+Extensions.swift in Sources */ = {isa = PBXBuildFile; fileRef = AEDF76012B5C6863002DDEE1 /* Optional+Extensions.swift */; };
		AEDF76062B5C68A0002DDEE1 /* ChannelDetailsFormatted.swift in Sources */ = {isa = PBXBuildFile; fileRef = AEDF76052B5C68A0002DDEE1 /* ChannelDetailsFormatted.swift */; };
		AEE5B7652A09B1FC001E5E59 /* CodeScanner in Frameworks */ = {isa = PBXBuildFile; productRef = AEE5B7642A09B1FC001E5E59 /* CodeScanner */; };
		AEE5B76A2A09C722001E5E59 /* Peer.swift in Sources */ = {isa = PBXBuildFile; fileRef = AEE5B7692A09C722001E5E59 /* Peer.swift */; };
		AEE8FDDD29F855E700406DD9 /* String+Extensions.swift in Sources */ = {isa = PBXBuildFile; fileRef = AEE8FDDC29F855E700406DD9 /* String+Extensions.swift */; };
		AEE8FDDF29F8579600406DD9 /* Date+Extensions.swift in Sources */ = {isa = PBXBuildFile; fileRef = AEE8FDDE29F8579600406DD9 /* Date+Extensions.swift */; };
		AEF66F522BA4B11A00FA15F9 /* PaymentKind+Extensions.swift in Sources */ = {isa = PBXBuildFile; fileRef = AEF66F512BA4B11A00FA15F9 /* PaymentKind+Extensions.swift */; };
		AEFAF2922A433F6F001128DF /* LightningPaymentStatus.swift in Sources */ = {isa = PBXBuildFile; fileRef = AEFAF2912A433F6F001128DF /* LightningPaymentStatus.swift */; };
/* End PBXBuildFile section */

/* Begin PBXFileReference section */
		65269D3F2DF9C32F00EB63F3 /* LSPSettingsView.swift */ = {isa = PBXFileReference; lastKnownFileType = sourcecode.swift; path = LSPSettingsView.swift; sourceTree = "<group>"; };
		652CF3A52D6DFEDC00D700D0 /* AmountEntryView.swift */ = {isa = PBXFileReference; lastKnownFileType = sourcecode.swift; path = AmountEntryView.swift; sourceTree = "<group>"; };
		6555747F2D398A750064F859 /* LoadingView.swift */ = {isa = PBXFileReference; lastKnownFileType = sourcecode.swift; path = LoadingView.swift; sourceTree = "<group>"; };
		655574812D3994E10064F859 /* ErrorView.swift */ = {isa = PBXFileReference; lastKnownFileType = sourcecode.swift; path = ErrorView.swift; sourceTree = "<group>"; };
		6555D58A2D7F010A00E5D533 /* SendView.swift */ = {isa = PBXFileReference; lastKnownFileType = sourcecode.swift; path = SendView.swift; sourceTree = "<group>"; };
		6555D58C2D80658A00E5D533 /* SendReviewView.swift */ = {isa = PBXFileReference; lastKnownFileType = sourcecode.swift; path = SendReviewView.swift; sourceTree = "<group>"; };
		6555D58E2D806A3900E5D533 /* SendManualEntry.swift */ = {isa = PBXFileReference; lastKnownFileType = sourcecode.swift; path = SendManualEntry.swift; sourceTree = "<group>"; };
		655C19032D42AB1500AC5F72 /* WalletClient.swift */ = {isa = PBXFileReference; lastKnownFileType = sourcecode.swift; path = WalletClient.swift; sourceTree = "<group>"; };
		6560EB802D65F8D400BBE772 /* QRView.swift */ = {isa = PBXFileReference; lastKnownFileType = sourcecode.swift; path = QRView.swift; sourceTree = "<group>"; };
		659EE6942CF8D4990064ED78 /* ImportWalletView.swift */ = {isa = PBXFileReference; lastKnownFileType = sourcecode.swift; path = ImportWalletView.swift; sourceTree = "<group>"; };
		65A406622D070CBD00EA331E /* NetworkSettingsView.swift */ = {isa = PBXFileReference; lastKnownFileType = sourcecode.swift; path = NetworkSettingsView.swift; sourceTree = "<group>"; };
		AE00550D2B479EF000100797 /* OnboardingView.swift */ = {isa = PBXFileReference; lastKnownFileType = sourcecode.swift; path = OnboardingView.swift; sourceTree = "<group>"; };
		AE00550F2B479F1100100797 /* OnboardingViewModel.swift */ = {isa = PBXFileReference; lastKnownFileType = sourcecode.swift; path = OnboardingViewModel.swift; sourceTree = "<group>"; };
		AE0055112B47A65700100797 /* Color+Extensions.swift */ = {isa = PBXFileReference; lastKnownFileType = sourcecode.swift; path = "Color+Extensions.swift"; sourceTree = "<group>"; };
		AE0055132B4895B500100797 /* SeedViewModel.swift */ = {isa = PBXFileReference; lastKnownFileType = sourcecode.swift; path = SeedViewModel.swift; sourceTree = "<group>"; };
		AE0055152B4A0E0100100797 /* Logger+Extensions.swift */ = {isa = PBXFileReference; lastKnownFileType = sourcecode.swift; path = "Logger+Extensions.swift"; sourceTree = "<group>"; };
		AE0055172B4A21BA00100797 /* Network+Extensions.swift */ = {isa = PBXFileReference; lastKnownFileType = sourcecode.swift; path = "Network+Extensions.swift"; sourceTree = "<group>"; };
		AE01C5B12AB3BF3C00F28C7E /* KeyService.swift */ = {isa = PBXFileReference; lastKnownFileType = sourcecode.swift; path = KeyService.swift; sourceTree = "<group>"; };
		AE01C5B32AB3BF8100F28C7E /* Bundle+Extensions.swift */ = {isa = PBXFileReference; lastKnownFileType = sourcecode.swift; path = "Bundle+Extensions.swift"; sourceTree = "<group>"; };
		AE01C5B52AB3C0A200F28C7E /* BackupInfo.swift */ = {isa = PBXFileReference; lastKnownFileType = sourcecode.swift; path = BackupInfo.swift; sourceTree = "<group>"; };
		AE01C5B72AB3C0C400F28C7E /* KeyServiceError.swift */ = {isa = PBXFileReference; lastKnownFileType = sourcecode.swift; path = KeyServiceError.swift; sourceTree = "<group>"; };
		AE028A232B96316B00B336E7 /* SendReceiveOption.swift */ = {isa = PBXFileReference; lastKnownFileType = sourcecode.swift; path = SendReceiveOption.swift; sourceTree = "<group>"; };
		AE028A2B2B96381200B336E7 /* LightningServiceError.swift */ = {isa = PBXFileReference; lastKnownFileType = sourcecode.swift; path = LightningServiceError.swift; sourceTree = "<group>"; };
		AE028A2D2B9638EC00B336E7 /* FileManager+Extensions.swift */ = {isa = PBXFileReference; lastKnownFileType = sourcecode.swift; path = "FileManager+Extensions.swift"; sourceTree = "<group>"; };
		AE0BD4AB2B598C3F00B9901E /* UInt32+Extensions.swift */ = {isa = PBXFileReference; lastKnownFileType = sourcecode.swift; path = "UInt32+Extensions.swift"; sourceTree = "<group>"; };
		AE0C41EB2DCA8F26007C73F7 /* PaymentDetailView.swift */ = {isa = PBXFileReference; lastKnownFileType = sourcecode.swift; path = PaymentDetailView.swift; sourceTree = "<group>"; };
		AE0C41ED2DCA8FE1007C73F7 /* PaymentDetails+Extensions.swift */ = {isa = PBXFileReference; lastKnownFileType = sourcecode.swift; path = "PaymentDetails+Extensions.swift"; sourceTree = "<group>"; };
		AE17E8D629A402E30058C9C9 /* LDKNodeMonday.app */ = {isa = PBXFileReference; explicitFileType = wrapper.application; includeInIndex = 0; path = LDKNodeMonday.app; sourceTree = BUILT_PRODUCTS_DIR; };
		AE17E8D929A402E30058C9C9 /* LDKNodeMondayApp.swift */ = {isa = PBXFileReference; lastKnownFileType = sourcecode.swift; path = LDKNodeMondayApp.swift; sourceTree = "<group>"; };
		AE17E8DD29A402E40058C9C9 /* Assets.xcassets */ = {isa = PBXFileReference; lastKnownFileType = folder.assetcatalog; path = Assets.xcassets; sourceTree = "<group>"; };
		AE17E8E029A402E40058C9C9 /* Preview Assets.xcassets */ = {isa = PBXFileReference; lastKnownFileType = folder.assetcatalog; path = "Preview Assets.xcassets"; sourceTree = "<group>"; };
		AE17E90C29A42D430058C9C9 /* LightningNodeService.swift */ = {isa = PBXFileReference; lastKnownFileType = sourcecode.swift; path = LightningNodeService.swift; sourceTree = "<group>"; };
		AE1D9C0A2B2A251500620748 /* ChannelDetails+Extensions.swift */ = {isa = PBXFileReference; lastKnownFileType = sourcecode.swift; path = "ChannelDetails+Extensions.swift"; sourceTree = "<group>"; };
		AE33D3AD2C7BD0EE00AF562B /* URL+Extensions.swift */ = {isa = PBXFileReference; lastKnownFileType = sourcecode.swift; path = "URL+Extensions.swift"; sourceTree = "<group>"; };
		AE3815352B6A9705006B2952 /* LightningNodesService.swift */ = {isa = PBXFileReference; lastKnownFileType = sourcecode.swift; path = LightningNodesService.swift; sourceTree = "<group>"; };
		AE3815382B6A978A006B2952 /* LightningNodeServiceError.swift */ = {isa = PBXFileReference; lastKnownFileType = sourcecode.swift; path = LightningNodeServiceError.swift; sourceTree = "<group>"; };
		AE38153A2B6A979E006B2952 /* LightningNodeInfo.swift */ = {isa = PBXFileReference; lastKnownFileType = sourcecode.swift; path = LightningNodeInfo.swift; sourceTree = "<group>"; };
		AE4536142C83508E0047D1B2 /* SendScanAddressView.swift */ = {isa = PBXFileReference; lastKnownFileType = sourcecode.swift; path = SendScanAddressView.swift; sourceTree = "<group>"; };
		AE467F582DCE8964002CE6CF /* LogFilesView.swift */ = {isa = PBXFileReference; lastKnownFileType = sourcecode.swift; path = LogFilesView.swift; sourceTree = "<group>"; };
		AE49E84B2A24F96F002623E8 /* Constants.swift */ = {isa = PBXFileReference; lastKnownFileType = sourcecode.swift; path = Constants.swift; sourceTree = "<group>"; };
		AE49E8532A253647002623E8 /* BitcoinViewModel.swift */ = {isa = PBXFileReference; lastKnownFileType = sourcecode.swift; path = BitcoinViewModel.swift; sourceTree = "<group>"; };
		AE49E8572A2536B4002623E8 /* ChannelsListViewModel.swift */ = {isa = PBXFileReference; lastKnownFileType = sourcecode.swift; path = ChannelsListViewModel.swift; sourceTree = "<group>"; };
		AE49E8592A2536D4002623E8 /* ChannelAddViewModel.swift */ = {isa = PBXFileReference; lastKnownFileType = sourcecode.swift; path = ChannelAddViewModel.swift; sourceTree = "<group>"; };
		AE49E85B2A2536FB002623E8 /* ChannelDetailViewModel.swift */ = {isa = PBXFileReference; lastKnownFileType = sourcecode.swift; path = ChannelDetailViewModel.swift; sourceTree = "<group>"; };
		AE49E8632A2537B3002623E8 /* PeersListViewModel.swift */ = {isa = PBXFileReference; lastKnownFileType = sourcecode.swift; path = PeersListViewModel.swift; sourceTree = "<group>"; };
		AE49E8652A2537D5002623E8 /* PeerViewModel.swift */ = {isa = PBXFileReference; lastKnownFileType = sourcecode.swift; path = PeerViewModel.swift; sourceTree = "<group>"; };
		AE49E8672A2537FB002623E8 /* DisconnectViewModel.swift */ = {isa = PBXFileReference; lastKnownFileType = sourcecode.swift; path = DisconnectViewModel.swift; sourceTree = "<group>"; };
		AE49E86B2A253A32002623E8 /* SettingsViewModel.swift */ = {isa = PBXFileReference; lastKnownFileType = sourcecode.swift; path = SettingsViewModel.swift; sourceTree = "<group>"; };
		AE4C15B12A1316D100AA8917 /* BitcoinView.swift */ = {isa = PBXFileReference; lastKnownFileType = sourcecode.swift; path = BitcoinView.swift; sourceTree = "<group>"; };
		AE51BEF92B37A2A500BAE452 /* Event+Extensions.swift */ = {isa = PBXFileReference; lastKnownFileType = sourcecode.swift; path = "Event+Extensions.swift"; sourceTree = "<group>"; };
		AE551D462B8ECE7D0034B61E /* PaymentType.swift */ = {isa = PBXFileReference; lastKnownFileType = sourcecode.swift; path = PaymentType.swift; sourceTree = "<group>"; };
		AE551D482B8ECEB00034B61E /* SendViewModel.swift */ = {isa = PBXFileReference; lastKnownFileType = sourcecode.swift; path = SendViewModel.swift; sourceTree = "<group>"; };
		AE5C4FD429A5565700BE3285 /* README.md */ = {isa = PBXFileReference; lastKnownFileType = net.daringfireball.markdown; path = README.md; sourceTree = "<group>"; };
		AE6BB56E2A008CBA009E16E3 /* UInt64+Extensions.swift */ = {isa = PBXFileReference; lastKnownFileType = sourcecode.swift; path = "UInt64+Extensions.swift"; sourceTree = "<group>"; };
		AE7096322B5C20480038BE56 /* PriceService.swift */ = {isa = PBXFileReference; lastKnownFileType = sourcecode.swift; path = PriceService.swift; sourceTree = "<group>"; };
		AE7096342B5C205F0038BE56 /* PriceServiceError.swift */ = {isa = PBXFileReference; lastKnownFileType = sourcecode.swift; path = PriceServiceError.swift; sourceTree = "<group>"; };
		AE7096372B5C208A0038BE56 /* Price.swift */ = {isa = PBXFileReference; lastKnownFileType = sourcecode.swift; path = Price.swift; sourceTree = "<group>"; };
		AE7096392B5C22060038BE56 /* Double+Extensions.swift */ = {isa = PBXFileReference; lastKnownFileType = sourcecode.swift; path = "Double+Extensions.swift"; sourceTree = "<group>"; };
		AE70963B2B5C22270038BE56 /* CurrencyCode.swift */ = {isa = PBXFileReference; lastKnownFileType = sourcecode.swift; path = CurrencyCode.swift; sourceTree = "<group>"; };
		AE7594802A4FAE0200EAEDA2 /* PaymentsListView.swift */ = {isa = PBXFileReference; lastKnownFileType = sourcecode.swift; path = PaymentsListView.swift; sourceTree = "<group>"; };
		AE7C4A0B2B40785F0061189D /* SeedView.swift */ = {isa = PBXFileReference; lastKnownFileType = sourcecode.swift; path = SeedView.swift; sourceTree = "<group>"; };
		AE80116A29A59976009B9967 /* SettingsView.swift */ = {isa = PBXFileReference; lastKnownFileType = sourcecode.swift; path = SettingsView.swift; sourceTree = "<group>"; };
		AE80116C29A59AF4009B9967 /* ChannelAddView.swift */ = {isa = PBXFileReference; lastKnownFileType = sourcecode.swift; path = ChannelAddView.swift; sourceTree = "<group>"; };
		AE80C2012C4AB38D006E7193 /* ReceiveViewModel.swift */ = {isa = PBXFileReference; lastKnownFileType = sourcecode.swift; path = ReceiveViewModel.swift; sourceTree = "<group>"; };
		AE8D877429B145F100F2B918 /* Info.plist */ = {isa = PBXFileReference; lastKnownFileType = text.plist; path = Info.plist; sourceTree = "<group>"; };
		AE9422692A007D6C007E4F12 /* ChannelsListView.swift */ = {isa = PBXFileReference; lastKnownFileType = sourcecode.swift; path = ChannelsListView.swift; sourceTree = "<group>"; };
		AEBAA4822A01A80A0042EA82 /* PeersListView.swift */ = {isa = PBXFileReference; lastKnownFileType = sourcecode.swift; path = PeersListView.swift; sourceTree = "<group>"; };
		AEBAA48C2A01A93B0042EA82 /* PeerView.swift */ = {isa = PBXFileReference; lastKnownFileType = sourcecode.swift; path = PeerView.swift; sourceTree = "<group>"; };
		AEBAA4912A01C34A0042EA82 /* ChannelDetailView.swift */ = {isa = PBXFileReference; lastKnownFileType = sourcecode.swift; path = ChannelDetailView.swift; sourceTree = "<group>"; };
		AEBAA4932A01C6BD0042EA82 /* PeerDetailsView.swift */ = {isa = PBXFileReference; lastKnownFileType = sourcecode.swift; path = PeerDetailsView.swift; sourceTree = "<group>"; };
		AEBFD8AF2B8A97DB0024E3F7 /* LightningServiceProvider.swift */ = {isa = PBXFileReference; lastKnownFileType = sourcecode.swift; path = LightningServiceProvider.swift; sourceTree = "<group>"; };
		AEBFD8B52B8BABC00024E3F7 /* ReceiveView.swift */ = {isa = PBXFileReference; lastKnownFileType = sourcecode.swift; path = ReceiveView.swift; sourceTree = "<group>"; };
		AEDF47F02B3FADF900145D64 /* EventService.swift */ = {isa = PBXFileReference; lastKnownFileType = sourcecode.swift; path = EventService.swift; sourceTree = "<group>"; };
		AEDF47F22B3FBAB900145D64 /* Notification+Extensions.swift */ = {isa = PBXFileReference; lastKnownFileType = sourcecode.swift; path = "Notification+Extensions.swift"; sourceTree = "<group>"; };
		AEDF76012B5C6863002DDEE1 /* Optional+Extensions.swift */ = {isa = PBXFileReference; lastKnownFileType = sourcecode.swift; path = "Optional+Extensions.swift"; sourceTree = "<group>"; };
		AEDF76052B5C68A0002DDEE1 /* ChannelDetailsFormatted.swift */ = {isa = PBXFileReference; lastKnownFileType = sourcecode.swift; path = ChannelDetailsFormatted.swift; sourceTree = "<group>"; };
		AEE5B7692A09C722001E5E59 /* Peer.swift */ = {isa = PBXFileReference; lastKnownFileType = sourcecode.swift; path = Peer.swift; sourceTree = "<group>"; };
		AEE8FDDC29F855E700406DD9 /* String+Extensions.swift */ = {isa = PBXFileReference; lastKnownFileType = sourcecode.swift; path = "String+Extensions.swift"; sourceTree = "<group>"; };
		AEE8FDDE29F8579600406DD9 /* Date+Extensions.swift */ = {isa = PBXFileReference; lastKnownFileType = sourcecode.swift; path = "Date+Extensions.swift"; sourceTree = "<group>"; };
		AEF66F512BA4B11A00FA15F9 /* PaymentKind+Extensions.swift */ = {isa = PBXFileReference; lastKnownFileType = sourcecode.swift; path = "PaymentKind+Extensions.swift"; sourceTree = "<group>"; };
		AEFAF2912A433F6F001128DF /* LightningPaymentStatus.swift */ = {isa = PBXFileReference; lastKnownFileType = sourcecode.swift; path = LightningPaymentStatus.swift; sourceTree = "<group>"; };
/* End PBXFileReference section */

/* Begin PBXFrameworksBuildPhase section */
		AE17E8D329A402E30058C9C9 /* Frameworks */ = {
			isa = PBXFrameworksBuildPhase;
			buildActionMask = 2147483647;
			files = (
				65875A932CCB9809000D3E70 /* LDKNode in Frameworks */,
				AE060C382C051B59006724F1 /* LDKNode in Frameworks */,
				AE1D9BEC2B2A1FFD00620748 /* BitcoinUI in Frameworks */,
				AEE5B7652A09B1FC001E5E59 /* CodeScanner in Frameworks */,
				AE51BEFD2B37A5DC00BAE452 /* SimpleToast in Frameworks */,
				AE7C4A082B406D590061189D /* SimpleToast in Frameworks */,
				AE80C2052C4AB5E4006E7193 /* LDKNode in Frameworks */,
				AE01C5B02AB3BEED00F28C7E /* KeychainAccess in Frameworks */,
			);
			runOnlyForDeploymentPostprocessing = 0;
		};
/* End PBXFrameworksBuildPhase section */

/* Begin PBXGroup section */
		AE17E8CD29A402E30058C9C9 = {
			isa = PBXGroup;
			children = (
				AE5C4FD429A5565700BE3285 /* README.md */,
				AE17E8D829A402E30058C9C9 /* LDKNodeMonday */,
				AE17E8D729A402E30058C9C9 /* Products */,
				AE17E8E929A403800058C9C9 /* Frameworks */,
			);
			sourceTree = "<group>";
		};
		AE17E8D729A402E30058C9C9 /* Products */ = {
			isa = PBXGroup;
			children = (
				AE17E8D629A402E30058C9C9 /* LDKNodeMonday.app */,
			);
			name = Products;
			sourceTree = "<group>";
		};
		AE17E8D829A402E30058C9C9 /* LDKNodeMonday */ = {
			isa = PBXGroup;
			children = (
				AE8D877429B145F100F2B918 /* Info.plist */,
				AE8549FF2AC601CD00F056E6 /* App */,
				AE8549F82AC5FFBF00F056E6 /* Model */,
				AE8549FC2AC6010C00F056E6 /* View */,
				AE8549F92AC6003D00F056E6 /* View Model */,
				AE8549F72AC5FF9A00F056E6 /* Service */,
				AEE8FDE029F8581400406DD9 /* Extensions */,
				AE931D8929AA79E800F7F2F7 /* Utilities */,
				AE17E8DD29A402E40058C9C9 /* Assets.xcassets */,
				AE17E8DF29A402E40058C9C9 /* Preview Content */,
			);
			path = LDKNodeMonday;
			sourceTree = "<group>";
		};
		AE17E8DF29A402E40058C9C9 /* Preview Content */ = {
			isa = PBXGroup;
			children = (
				AE17E8E029A402E40058C9C9 /* Preview Assets.xcassets */,
			);
			path = "Preview Content";
			sourceTree = "<group>";
		};
		AE17E8E929A403800058C9C9 /* Frameworks */ = {
			isa = PBXGroup;
			children = (
			);
			name = Frameworks;
			sourceTree = "<group>";
		};
		AE3815372B6A970D006B2952 /* LightningNodesService */ = {
			isa = PBXGroup;
			children = (
				AE3815352B6A9705006B2952 /* LightningNodesService.swift */,
				AE3815382B6A978A006B2952 /* LightningNodeServiceError.swift */,
			);
			path = LightningNodesService;
			sourceTree = "<group>";
		};
		AE43F27A2C7E529C00406326 /* Send */ = {
			isa = PBXGroup;
			children = (
				AE551D482B8ECEB00034B61E /* SendViewModel.swift */,
			);
			path = Send;
			sourceTree = "<group>";
		};
		AE49E86D2A253A9A002623E8 /* Channel */ = {
			isa = PBXGroup;
			children = (
				AE49E8572A2536B4002623E8 /* ChannelsListViewModel.swift */,
				AE49E8592A2536D4002623E8 /* ChannelAddViewModel.swift */,
				AE49E85B2A2536FB002623E8 /* ChannelDetailViewModel.swift */,
			);
			path = Channel;
			sourceTree = "<group>";
		};
		AE49E86E2A253AAE002623E8 /* Channel */ = {
			isa = PBXGroup;
			children = (
				AE9422692A007D6C007E4F12 /* ChannelsListView.swift */,
				AE80116C29A59AF4009B9967 /* ChannelAddView.swift */,
				AEBAA4912A01C34A0042EA82 /* ChannelDetailView.swift */,
			);
			path = Channel;
			sourceTree = "<group>";
		};
		AE49E8722A253AD5002623E8 /* Receive */ = {
			isa = PBXGroup;
			children = (
				AE80C2012C4AB38D006E7193 /* ReceiveViewModel.swift */,
			);
			path = Receive;
			sourceTree = "<group>";
		};
		AE49E8742A253AF0002623E8 /* Peer */ = {
			isa = PBXGroup;
			children = (
				AE49E8632A2537B3002623E8 /* PeersListViewModel.swift */,
				AE49E8652A2537D5002623E8 /* PeerViewModel.swift */,
				AE49E8672A2537FB002623E8 /* DisconnectViewModel.swift */,
			);
			path = Peer;
			sourceTree = "<group>";
		};
		AE49E8772A253CBE002623E8 /* Home */ = {
			isa = PBXGroup;
			children = (
				65A406622D070CBD00EA331E /* NetworkSettingsView.swift */,
				AE00550D2B479EF000100797 /* OnboardingView.swift */,
				AE4C15B12A1316D100AA8917 /* BitcoinView.swift */,
				659EE6942CF8D4990064ED78 /* ImportWalletView.swift */,
				6555747F2D398A750064F859 /* LoadingView.swift */,
				655574812D3994E10064F859 /* ErrorView.swift */,
				AE551D402B8ECC2D0034B61E /* Payments */,
				AE551D412B8ECC390034B61E /* Send */,
				AE551D422B8ECC400034B61E /* Receive */,
			);
			path = Home;
			sourceTree = "<group>";
		};
		AE49E8782A253CC5002623E8 /* Home */ = {
			isa = PBXGroup;
			children = (
				AE00550F2B479F1100100797 /* OnboardingViewModel.swift */,
				AE49E8532A253647002623E8 /* BitcoinViewModel.swift */,
				AE43F27A2C7E529C00406326 /* Send */,
				AE49E8722A253AD5002623E8 /* Receive */,
			);
			path = Home;
			sourceTree = "<group>";
		};
		AE49E8792A253D43002623E8 /* Lightning Service */ = {
			isa = PBXGroup;
			children = (
				AE17E90C29A42D430058C9C9 /* LightningNodeService.swift */,
				AE028A2B2B96381200B336E7 /* LightningServiceError.swift */,
			);
			path = "Lightning Service";
			sourceTree = "<group>";
		};
		AE49E87A2A2544DC002623E8 /* Danger */ = {
			isa = PBXGroup;
			children = (
				AE7C4A0B2B40785F0061189D /* SeedView.swift */,
			);
			path = Danger;
			sourceTree = "<group>";
		};
		AE49E87B2A2544E1002623E8 /* Profile */ = {
			isa = PBXGroup;
			children = (
				AE49E86B2A253A32002623E8 /* SettingsViewModel.swift */,
				AE49E8742A253AF0002623E8 /* Peer */,
				AE49E86D2A253A9A002623E8 /* Channel */,
				AE551D442B8ECD980034B61E /* Danger */,
			);
			path = Profile;
			sourceTree = "<group>";
		};
		AE551D402B8ECC2D0034B61E /* Payments */ = {
			isa = PBXGroup;
			children = (
				AE7594802A4FAE0200EAEDA2 /* PaymentsListView.swift */,
				AE0C41EB2DCA8F26007C73F7 /* PaymentDetailView.swift */,
			);
			path = Payments;
			sourceTree = "<group>";
		};
		AE551D412B8ECC390034B61E /* Send */ = {
			isa = PBXGroup;
			children = (
				AE4536142C83508E0047D1B2 /* SendScanAddressView.swift */,
				6555D58A2D7F010A00E5D533 /* SendView.swift */,
				6555D58C2D80658A00E5D533 /* SendReviewView.swift */,
				6555D58E2D806A3900E5D533 /* SendManualEntry.swift */,
			);
			path = Send;
			sourceTree = "<group>";
		};
		AE551D422B8ECC400034B61E /* Receive */ = {
			isa = PBXGroup;
			children = (
				652CF3A52D6DFEDC00D700D0 /* AmountEntryView.swift */,
				6560EB802D65F8D400BBE772 /* QRView.swift */,
				AEBFD8B52B8BABC00024E3F7 /* ReceiveView.swift */,
			);
			path = Receive;
			sourceTree = "<group>";
		};
		AE551D432B8ECCAD0034B61E /* Peers */ = {
			isa = PBXGroup;
			children = (
				AEBAA4822A01A80A0042EA82 /* PeersListView.swift */,
				AEBAA48C2A01A93B0042EA82 /* PeerView.swift */,
				AEBAA4932A01C6BD0042EA82 /* PeerDetailsView.swift */,
			);
			path = Peers;
			sourceTree = "<group>";
		};
		AE551D442B8ECD980034B61E /* Danger */ = {
			isa = PBXGroup;
			children = (
				AE0055132B4895B500100797 /* SeedViewModel.swift */,
			);
			path = Danger;
			sourceTree = "<group>";
		};
		AE7096362B5C206F0038BE56 /* PriceService */ = {
			isa = PBXGroup;
			children = (
				AE7096322B5C20480038BE56 /* PriceService.swift */,
				AE7096342B5C205F0038BE56 /* PriceServiceError.swift */,
			);
			path = PriceService;
			sourceTree = "<group>";
		};
		AE8549F72AC5FF9A00F056E6 /* Service */ = {
			isa = PBXGroup;
			children = (
				AEDF76072B5C6ADB002DDEE1 /* EventService */,
				AE89C7652AC5D49800EF8217 /* KeyService */,
				AE49E8792A253D43002623E8 /* Lightning Service */,
				AE7096362B5C206F0038BE56 /* PriceService */,
				AE3815372B6A970D006B2952 /* LightningNodesService */,
			);
			path = Service;
			sourceTree = "<group>";
		};
		AE8549F82AC5FFBF00F056E6 /* Model */ = {
			isa = PBXGroup;
			children = (
				AE01C5B52AB3C0A200F28C7E /* BackupInfo.swift */,
				AEDF76052B5C68A0002DDEE1 /* ChannelDetailsFormatted.swift */,
				AE70963B2B5C22270038BE56 /* CurrencyCode.swift */,
				AE38153A2B6A979E006B2952 /* LightningNodeInfo.swift */,
				AEFAF2912A433F6F001128DF /* LightningPaymentStatus.swift */,
				AEBFD8AF2B8A97DB0024E3F7 /* LightningServiceProvider.swift */,
				AE551D462B8ECE7D0034B61E /* PaymentType.swift */,
				AEE5B7692A09C722001E5E59 /* Peer.swift */,
				AE7096372B5C208A0038BE56 /* Price.swift */,
				AE028A232B96316B00B336E7 /* SendReceiveOption.swift */,
			);
			path = Model;
			sourceTree = "<group>";
		};
		AE8549F92AC6003D00F056E6 /* View Model */ = {
			isa = PBXGroup;
			children = (
				AE49E8782A253CC5002623E8 /* Home */,
				AE49E87B2A2544E1002623E8 /* Profile */,
			);
			path = "View Model";
			sourceTree = "<group>";
		};
		AE8549FC2AC6010C00F056E6 /* View */ = {
			isa = PBXGroup;
			children = (
				AE49E8772A253CBE002623E8 /* Home */,
				AE8549FE2AC6014F00F056E6 /* Settings */,
			);
			path = View;
			sourceTree = "<group>";
		};
		AE8549FE2AC6014F00F056E6 /* Settings */ = {
			isa = PBXGroup;
			children = (
				AE80116A29A59976009B9967 /* SettingsView.swift */,
				AE467F582DCE8964002CE6CF /* LogFilesView.swift */,
				AE551D432B8ECCAD0034B61E /* Peers */,
				AE49E86E2A253AAE002623E8 /* Channel */,
				AE49E87A2A2544DC002623E8 /* Danger */,
				65269D3F2DF9C32F00EB63F3 /* LSPSettingsView.swift */,
			);
			path = Settings;
			sourceTree = "<group>";
		};
		AE8549FF2AC601CD00F056E6 /* App */ = {
			isa = PBXGroup;
			children = (
				AE17E8D929A402E30058C9C9 /* LDKNodeMondayApp.swift */,
				655C19032D42AB1500AC5F72 /* WalletClient.swift */,
			);
			path = App;
			sourceTree = "<group>";
		};
		AE89C7652AC5D49800EF8217 /* KeyService */ = {
			isa = PBXGroup;
			children = (
				AE01C5B12AB3BF3C00F28C7E /* KeyService.swift */,
				AE01C5B72AB3C0C400F28C7E /* KeyServiceError.swift */,
			);
			path = KeyService;
			sourceTree = "<group>";
		};
		AE931D8929AA79E800F7F2F7 /* Utilities */ = {
			isa = PBXGroup;
			children = (
				AE49E84B2A24F96F002623E8 /* Constants.swift */,
			);
			path = Utilities;
			sourceTree = "<group>";
		};
		AEDF76072B5C6ADB002DDEE1 /* EventService */ = {
			isa = PBXGroup;
			children = (
				AEDF47F02B3FADF900145D64 /* EventService.swift */,
			);
			path = EventService;
			sourceTree = "<group>";
		};
		AEE8FDE029F8581400406DD9 /* Extensions */ = {
			isa = PBXGroup;
			children = (
				AE01C5B32AB3BF8100F28C7E /* Bundle+Extensions.swift */,
				AE1D9C0A2B2A251500620748 /* ChannelDetails+Extensions.swift */,
				AE0055112B47A65700100797 /* Color+Extensions.swift */,
				AEE8FDDE29F8579600406DD9 /* Date+Extensions.swift */,
				AE7096392B5C22060038BE56 /* Double+Extensions.swift */,
				AE51BEF92B37A2A500BAE452 /* Event+Extensions.swift */,
				AE028A2D2B9638EC00B336E7 /* FileManager+Extensions.swift */,
				AE0055152B4A0E0100100797 /* Logger+Extensions.swift */,
				AE0055172B4A21BA00100797 /* Network+Extensions.swift */,
				AEDF47F22B3FBAB900145D64 /* Notification+Extensions.swift */,
				AEDF76012B5C6863002DDEE1 /* Optional+Extensions.swift */,
				AEE8FDDC29F855E700406DD9 /* String+Extensions.swift */,
				AE0BD4AB2B598C3F00B9901E /* UInt32+Extensions.swift */,
				AE6BB56E2A008CBA009E16E3 /* UInt64+Extensions.swift */,
				AEF66F512BA4B11A00FA15F9 /* PaymentKind+Extensions.swift */,
				AE0C41ED2DCA8FE1007C73F7 /* PaymentDetails+Extensions.swift */,
				AE33D3AD2C7BD0EE00AF562B /* URL+Extensions.swift */,
			);
			path = Extensions;
			sourceTree = "<group>";
		};
/* End PBXGroup section */

/* Begin PBXNativeTarget section */
		AE17E8D529A402E30058C9C9 /* LDKNodeMonday */ = {
			isa = PBXNativeTarget;
			buildConfigurationList = AE17E8E429A402E40058C9C9 /* Build configuration list for PBXNativeTarget "LDKNodeMonday" */;
			buildPhases = (
				AE17E8D229A402E30058C9C9 /* Sources */,
				AE17E8D329A402E30058C9C9 /* Frameworks */,
				AE17E8D429A402E30058C9C9 /* Resources */,
			);
			buildRules = (
			);
			dependencies = (
			);
			name = LDKNodeMonday;
			packageProductDependencies = (
				AEE5B7642A09B1FC001E5E59 /* CodeScanner */,
				AE01C5AF2AB3BEED00F28C7E /* KeychainAccess */,
				AE1D9BEB2B2A1FFD00620748 /* BitcoinUI */,
				AE51BEFC2B37A5DC00BAE452 /* SimpleToast */,
				AE7C4A072B406D590061189D /* SimpleToast */,
				AE060C372C051B59006724F1 /* LDKNode */,
				AE80C2042C4AB5E4006E7193 /* LDKNode */,
				65875A922CCB9809000D3E70 /* LDKNode */,
			);
			productName = LDKNodeMonday;
			productReference = AE17E8D629A402E30058C9C9 /* LDKNodeMonday.app */;
			productType = "com.apple.product-type.application";
		};
/* End PBXNativeTarget section */

/* Begin PBXProject section */
		AE17E8CE29A402E30058C9C9 /* Project object */ = {
			isa = PBXProject;
			attributes = {
				BuildIndependentTargetsInParallel = 1;
				LastSwiftUpdateCheck = 1420;
				LastUpgradeCheck = 1510;
				TargetAttributes = {
					AE17E8D529A402E30058C9C9 = {
						CreatedOnToolsVersion = 14.2;
					};
				};
			};
			buildConfigurationList = AE17E8D129A402E30058C9C9 /* Build configuration list for PBXProject "LDKNodeMonday" */;
			compatibilityVersion = "Xcode 14.0";
			developmentRegion = en;
			hasScannedForEncodings = 0;
			knownRegions = (
				en,
				Base,
			);
			mainGroup = AE17E8CD29A402E30058C9C9;
			packageReferences = (
				AEE5B7632A09B1FC001E5E59 /* XCRemoteSwiftPackageReference "CodeScanner" */,
				AE01C5AE2AB3BEED00F28C7E /* XCRemoteSwiftPackageReference "KeychainAccess" */,
				AE1D9BEA2B2A1FFD00620748 /* XCRemoteSwiftPackageReference "BitcoinUI" */,
				AE7C4A062B406D590061189D /* XCRemoteSwiftPackageReference "SimpleToast" */,
				65875A912CCB9809000D3E70 /* XCRemoteSwiftPackageReference "ldk-node" */,
			);
			productRefGroup = AE17E8D729A402E30058C9C9 /* Products */;
			projectDirPath = "";
			projectRoot = "";
			targets = (
				AE17E8D529A402E30058C9C9 /* LDKNodeMonday */,
			);
		};
/* End PBXProject section */

/* Begin PBXResourcesBuildPhase section */
		AE17E8D429A402E30058C9C9 /* Resources */ = {
			isa = PBXResourcesBuildPhase;
			buildActionMask = 2147483647;
			files = (
				AE5C4FD529A5565700BE3285 /* README.md in Resources */,
				AE17E8E129A402E40058C9C9 /* Preview Assets.xcassets in Resources */,
				AE17E8DE29A402E40058C9C9 /* Assets.xcassets in Resources */,
			);
			runOnlyForDeploymentPostprocessing = 0;
		};
/* End PBXResourcesBuildPhase section */

/* Begin PBXSourcesBuildPhase section */
		AE17E8D229A402E30058C9C9 /* Sources */ = {
			isa = PBXSourcesBuildPhase;
			buildActionMask = 2147483647;
			files = (
				AE7096352B5C205F0038BE56 /* PriceServiceError.swift in Sources */,
				AEDF47F32B3FBAB900145D64 /* Notification+Extensions.swift in Sources */,
				AE0055162B4A0E0100100797 /* Logger+Extensions.swift in Sources */,
				AE70963C2B5C22270038BE56 /* CurrencyCode.swift in Sources */,
				AE01C5B22AB3BF3C00F28C7E /* KeyService.swift in Sources */,
				AE49E8642A2537B3002623E8 /* PeersListViewModel.swift in Sources */,
				655574822D3994E10064F859 /* ErrorView.swift in Sources */,
				AE49E8542A253647002623E8 /* BitcoinViewModel.swift in Sources */,
				AE17E90D29A42D430058C9C9 /* LightningNodeService.swift in Sources */,
				AEBAA4922A01C34A0042EA82 /* ChannelDetailView.swift in Sources */,
				AE467F592DCE8964002CE6CF /* LogFilesView.swift in Sources */,
				AE38153B2B6A979E006B2952 /* LightningNodeInfo.swift in Sources */,
				AE70963A2B5C22060038BE56 /* Double+Extensions.swift in Sources */,
				AE3815392B6A978A006B2952 /* LightningNodeServiceError.swift in Sources */,
				AE028A2E2B9638EC00B336E7 /* FileManager+Extensions.swift in Sources */,
				AE49E8662A2537D5002623E8 /* PeerViewModel.swift in Sources */,
				AE33D3AE2C7BD0EE00AF562B /* URL+Extensions.swift in Sources */,
				652CF3A62D6DFEE200D700D0 /* AmountEntryView.swift in Sources */,
				AE0C41EC2DCA8F26007C73F7 /* PaymentDetailView.swift in Sources */,
				AEBAA4942A01C6BD0042EA82 /* PeerDetailsView.swift in Sources */,
				65A406632D070CBD00EA331E /* NetworkSettingsView.swift in Sources */,
				AE49E8682A2537FB002623E8 /* DisconnectViewModel.swift in Sources */,
				6555D58B2D7F010A00E5D533 /* SendView.swift in Sources */,
				AE94226A2A007D6C007E4F12 /* ChannelsListView.swift in Sources */,
				AEF66F522BA4B11A00FA15F9 /* PaymentKind+Extensions.swift in Sources */,
				AE0055102B479F1100100797 /* OnboardingViewModel.swift in Sources */,
				AE1D9C0B2B2A251500620748 /* ChannelDetails+Extensions.swift in Sources */,
				AEBAA4832A01A80A0042EA82 /* PeersListView.swift in Sources */,
				AE7096332B5C20480038BE56 /* PriceService.swift in Sources */,
				AEDF76022B5C6863002DDEE1 /* Optional+Extensions.swift in Sources */,
				AE7096382B5C208A0038BE56 /* Price.swift in Sources */,
				AE49E86C2A253A32002623E8 /* SettingsViewModel.swift in Sources */,
				AEBAA48D2A01A93B0042EA82 /* PeerView.swift in Sources */,
				AE028A242B96316B00B336E7 /* SendReceiveOption.swift in Sources */,
				AEDF76062B5C68A0002DDEE1 /* ChannelDetailsFormatted.swift in Sources */,
				AE01C5B82AB3C0C400F28C7E /* KeyServiceError.swift in Sources */,
				AE551D492B8ECEB00034B61E /* SendViewModel.swift in Sources */,
				AE49E8582A2536B4002623E8 /* ChannelsListViewModel.swift in Sources */,
				AE7594812A4FAE0200EAEDA2 /* PaymentsListView.swift in Sources */,
				AE01C5B42AB3BF8100F28C7E /* Bundle+Extensions.swift in Sources */,
				AEFAF2922A433F6F001128DF /* LightningPaymentStatus.swift in Sources */,
				6555D58F2D806A3900E5D533 /* SendManualEntry.swift in Sources */,
				AE0055122B47A65700100797 /* Color+Extensions.swift in Sources */,
				AE7C4A0C2B40785F0061189D /* SeedView.swift in Sources */,
				AE0C41EE2DCA8FE1007C73F7 /* PaymentDetails+Extensions.swift in Sources */,
				AE028A2C2B96381200B336E7 /* LightningServiceError.swift in Sources */,
				AE3815362B6A9705006B2952 /* LightningNodesService.swift in Sources */,
				AEE8FDDF29F8579600406DD9 /* Date+Extensions.swift in Sources */,
				AE01C5B62AB3C0A200F28C7E /* BackupInfo.swift in Sources */,
				AEBFD8B62B8BABC00024E3F7 /* ReceiveView.swift in Sources */,
				6555D58D2D80658A00E5D533 /* SendReviewView.swift in Sources */,
				AE17E8DA29A402E30058C9C9 /* LDKNodeMondayApp.swift in Sources */,
				AE49E85C2A2536FB002623E8 /* ChannelDetailViewModel.swift in Sources */,
				AEDF47F12B3FADF900145D64 /* EventService.swift in Sources */,
				AE4536152C83508E0047D1B2 /* SendScanAddressView.swift in Sources */,
				AE0055182B4A21BA00100797 /* Network+Extensions.swift in Sources */,
				AEE8FDDD29F855E700406DD9 /* String+Extensions.swift in Sources */,
				AE00550E2B479EF000100797 /* OnboardingView.swift in Sources */,
				AEBFD8B02B8A97DB0024E3F7 /* LightningServiceProvider.swift in Sources */,
				65269D402DF9C32F00EB63F3 /* LSPSettingsView.swift in Sources */,
				AE6BB56F2A008CBA009E16E3 /* UInt64+Extensions.swift in Sources */,
				AE49E85A2A2536D4002623E8 /* ChannelAddViewModel.swift in Sources */,
				AE0055142B4895B500100797 /* SeedViewModel.swift in Sources */,
				655C19042D42AB1500AC5F72 /* WalletClient.swift in Sources */,
				AE80C2022C4AB38D006E7193 /* ReceiveViewModel.swift in Sources */,
				AE80116D29A59AF4009B9967 /* ChannelAddView.swift in Sources */,
				AE551D472B8ECE7D0034B61E /* PaymentType.swift in Sources */,
				655574802D398A750064F859 /* LoadingView.swift in Sources */,
				AE51BEFA2B37A2A500BAE452 /* Event+Extensions.swift in Sources */,
				AE80116B29A59976009B9967 /* SettingsView.swift in Sources */,
				6560EB812D65F8E000BBE772 /* QRView.swift in Sources */,
				AE4C15B22A1316D100AA8917 /* BitcoinView.swift in Sources */,
				AEE5B76A2A09C722001E5E59 /* Peer.swift in Sources */,
				AE49E84C2A24F96F002623E8 /* Constants.swift in Sources */,
				659EE6952CF8D4990064ED78 /* ImportWalletView.swift in Sources */,
				AE0BD4AC2B598C3F00B9901E /* UInt32+Extensions.swift in Sources */,
			);
			runOnlyForDeploymentPostprocessing = 0;
		};
/* End PBXSourcesBuildPhase section */

/* Begin XCBuildConfiguration section */
		AE17E8E229A402E40058C9C9 /* Debug */ = {
			isa = XCBuildConfiguration;
			buildSettings = {
				ALWAYS_SEARCH_USER_PATHS = NO;
				ASSETCATALOG_COMPILER_GENERATE_SWIFT_ASSET_SYMBOL_EXTENSIONS = YES;
				CLANG_ANALYZER_NONNULL = YES;
				CLANG_ANALYZER_NUMBER_OBJECT_CONVERSION = YES_AGGRESSIVE;
				CLANG_CXX_LANGUAGE_STANDARD = "gnu++20";
				CLANG_ENABLE_MODULES = YES;
				CLANG_ENABLE_OBJC_ARC = YES;
				CLANG_ENABLE_OBJC_WEAK = YES;
				CLANG_WARN_BLOCK_CAPTURE_AUTORELEASING = YES;
				CLANG_WARN_BOOL_CONVERSION = YES;
				CLANG_WARN_COMMA = YES;
				CLANG_WARN_CONSTANT_CONVERSION = YES;
				CLANG_WARN_DEPRECATED_OBJC_IMPLEMENTATIONS = YES;
				CLANG_WARN_DIRECT_OBJC_ISA_USAGE = YES_ERROR;
				CLANG_WARN_DOCUMENTATION_COMMENTS = YES;
				CLANG_WARN_EMPTY_BODY = YES;
				CLANG_WARN_ENUM_CONVERSION = YES;
				CLANG_WARN_INFINITE_RECURSION = YES;
				CLANG_WARN_INT_CONVERSION = YES;
				CLANG_WARN_NON_LITERAL_NULL_CONVERSION = YES;
				CLANG_WARN_OBJC_IMPLICIT_RETAIN_SELF = YES;
				CLANG_WARN_OBJC_LITERAL_CONVERSION = YES;
				CLANG_WARN_OBJC_ROOT_CLASS = YES_ERROR;
				CLANG_WARN_QUOTED_INCLUDE_IN_FRAMEWORK_HEADER = YES;
				CLANG_WARN_RANGE_LOOP_ANALYSIS = YES;
				CLANG_WARN_STRICT_PROTOTYPES = YES;
				CLANG_WARN_SUSPICIOUS_MOVE = YES;
				CLANG_WARN_UNGUARDED_AVAILABILITY = YES_AGGRESSIVE;
				CLANG_WARN_UNREACHABLE_CODE = YES;
				CLANG_WARN__DUPLICATE_METHOD_MATCH = YES;
				COPY_PHASE_STRIP = NO;
				DEBUG_INFORMATION_FORMAT = dwarf;
				ENABLE_STRICT_OBJC_MSGSEND = YES;
				ENABLE_TESTABILITY = YES;
				ENABLE_USER_SCRIPT_SANDBOXING = YES;
				GCC_C_LANGUAGE_STANDARD = gnu11;
				GCC_DYNAMIC_NO_PIC = NO;
				GCC_NO_COMMON_BLOCKS = YES;
				GCC_OPTIMIZATION_LEVEL = 0;
				GCC_PREPROCESSOR_DEFINITIONS = (
					"DEBUG=1",
					"$(inherited)",
				);
				GCC_WARN_64_TO_32_BIT_CONVERSION = YES;
				GCC_WARN_ABOUT_RETURN_TYPE = YES_ERROR;
				GCC_WARN_UNDECLARED_SELECTOR = YES;
				GCC_WARN_UNINITIALIZED_AUTOS = YES_AGGRESSIVE;
				GCC_WARN_UNUSED_FUNCTION = YES;
				GCC_WARN_UNUSED_VARIABLE = YES;
				IPHONEOS_DEPLOYMENT_TARGET = 17.0;
				MTL_ENABLE_DEBUG_INFO = INCLUDE_SOURCE;
				MTL_FAST_MATH = YES;
				ONLY_ACTIVE_ARCH = YES;
				SDKROOT = iphoneos;
				SWIFT_ACTIVE_COMPILATION_CONDITIONS = DEBUG;
				SWIFT_OPTIMIZATION_LEVEL = "-Onone";
			};
			name = Debug;
		};
		AE17E8E329A402E40058C9C9 /* Release */ = {
			isa = XCBuildConfiguration;
			buildSettings = {
				ALWAYS_SEARCH_USER_PATHS = NO;
				ASSETCATALOG_COMPILER_GENERATE_SWIFT_ASSET_SYMBOL_EXTENSIONS = YES;
				CLANG_ANALYZER_NONNULL = YES;
				CLANG_ANALYZER_NUMBER_OBJECT_CONVERSION = YES_AGGRESSIVE;
				CLANG_CXX_LANGUAGE_STANDARD = "gnu++20";
				CLANG_ENABLE_MODULES = YES;
				CLANG_ENABLE_OBJC_ARC = YES;
				CLANG_ENABLE_OBJC_WEAK = YES;
				CLANG_WARN_BLOCK_CAPTURE_AUTORELEASING = YES;
				CLANG_WARN_BOOL_CONVERSION = YES;
				CLANG_WARN_COMMA = YES;
				CLANG_WARN_CONSTANT_CONVERSION = YES;
				CLANG_WARN_DEPRECATED_OBJC_IMPLEMENTATIONS = YES;
				CLANG_WARN_DIRECT_OBJC_ISA_USAGE = YES_ERROR;
				CLANG_WARN_DOCUMENTATION_COMMENTS = YES;
				CLANG_WARN_EMPTY_BODY = YES;
				CLANG_WARN_ENUM_CONVERSION = YES;
				CLANG_WARN_INFINITE_RECURSION = YES;
				CLANG_WARN_INT_CONVERSION = YES;
				CLANG_WARN_NON_LITERAL_NULL_CONVERSION = YES;
				CLANG_WARN_OBJC_IMPLICIT_RETAIN_SELF = YES;
				CLANG_WARN_OBJC_LITERAL_CONVERSION = YES;
				CLANG_WARN_OBJC_ROOT_CLASS = YES_ERROR;
				CLANG_WARN_QUOTED_INCLUDE_IN_FRAMEWORK_HEADER = YES;
				CLANG_WARN_RANGE_LOOP_ANALYSIS = YES;
				CLANG_WARN_STRICT_PROTOTYPES = YES;
				CLANG_WARN_SUSPICIOUS_MOVE = YES;
				CLANG_WARN_UNGUARDED_AVAILABILITY = YES_AGGRESSIVE;
				CLANG_WARN_UNREACHABLE_CODE = YES;
				CLANG_WARN__DUPLICATE_METHOD_MATCH = YES;
				COPY_PHASE_STRIP = NO;
				DEBUG_INFORMATION_FORMAT = "dwarf-with-dsym";
				ENABLE_NS_ASSERTIONS = NO;
				ENABLE_STRICT_OBJC_MSGSEND = YES;
				ENABLE_USER_SCRIPT_SANDBOXING = YES;
				GCC_C_LANGUAGE_STANDARD = gnu11;
				GCC_NO_COMMON_BLOCKS = YES;
				GCC_WARN_64_TO_32_BIT_CONVERSION = YES;
				GCC_WARN_ABOUT_RETURN_TYPE = YES_ERROR;
				GCC_WARN_UNDECLARED_SELECTOR = YES;
				GCC_WARN_UNINITIALIZED_AUTOS = YES_AGGRESSIVE;
				GCC_WARN_UNUSED_FUNCTION = YES;
				GCC_WARN_UNUSED_VARIABLE = YES;
				IPHONEOS_DEPLOYMENT_TARGET = 17.0;
				MTL_ENABLE_DEBUG_INFO = NO;
				MTL_FAST_MATH = YES;
				SDKROOT = iphoneos;
				SWIFT_COMPILATION_MODE = wholemodule;
				SWIFT_OPTIMIZATION_LEVEL = "-O";
				VALIDATE_PRODUCT = YES;
			};
			name = Release;
		};
		AE17E8E529A402E40058C9C9 /* Debug */ = {
			isa = XCBuildConfiguration;
			buildSettings = {
				ASSETCATALOG_COMPILER_APPICON_NAME = AppIcon;
				ASSETCATALOG_COMPILER_GLOBAL_ACCENT_COLOR_NAME = AccentColor;
				CODE_SIGN_STYLE = Automatic;
				CURRENT_PROJECT_VERSION = 1;
				DEVELOPMENT_ASSET_PATHS = "\"LDKNodeMonday/Preview Content\"";
				DEVELOPMENT_TEAM = 9G6M658RKZ;
				ENABLE_PREVIEWS = YES;
				GENERATE_INFOPLIST_FILE = YES;
				INFOPLIST_FILE = LDKNodeMonday/Info.plist;
				INFOPLIST_KEY_CFBundleDisplayName = Monday;
				INFOPLIST_KEY_ITSAppUsesNonExemptEncryption = NO;
				INFOPLIST_KEY_NSCameraUsageDescription = "\"To scan QR codes.\"";
				INFOPLIST_KEY_UIApplicationSceneManifest_Generation = YES;
				INFOPLIST_KEY_UIApplicationSupportsIndirectInputEvents = YES;
				INFOPLIST_KEY_UILaunchScreen_Generation = YES;
				INFOPLIST_KEY_UISupportedInterfaceOrientations = UIInterfaceOrientationPortrait;
				INFOPLIST_KEY_UISupportedInterfaceOrientations_iPad = "UIInterfaceOrientationLandscapeLeft UIInterfaceOrientationLandscapeRight UIInterfaceOrientationPortrait UIInterfaceOrientationPortraitUpsideDown";
				INFOPLIST_KEY_UISupportsDocumentBrowser = YES;
				LD_RUNPATH_SEARCH_PATHS = (
					"$(inherited)",
					"@executable_path/Frameworks",
				);
				MARKETING_VERSION = 1.0;
				PRODUCT_BUNDLE_IDENTIFIER = com.matthewramsden.LDKNodeMonday;
				PRODUCT_NAME = "$(TARGET_NAME)";
				SWIFT_EMIT_LOC_STRINGS = YES;
				SWIFT_VERSION = 5.0;
				TARGETED_DEVICE_FAMILY = "1,2";
			};
			name = Debug;
		};
		AE17E8E629A402E40058C9C9 /* Release */ = {
			isa = XCBuildConfiguration;
			buildSettings = {
				ASSETCATALOG_COMPILER_APPICON_NAME = AppIcon;
				ASSETCATALOG_COMPILER_GLOBAL_ACCENT_COLOR_NAME = AccentColor;
				CODE_SIGN_STYLE = Automatic;
				CURRENT_PROJECT_VERSION = 1;
				DEVELOPMENT_ASSET_PATHS = "\"LDKNodeMonday/Preview Content\"";
				DEVELOPMENT_TEAM = 9G6M658RKZ;
				ENABLE_PREVIEWS = YES;
				GENERATE_INFOPLIST_FILE = YES;
				INFOPLIST_FILE = LDKNodeMonday/Info.plist;
				INFOPLIST_KEY_CFBundleDisplayName = Monday;
				INFOPLIST_KEY_ITSAppUsesNonExemptEncryption = NO;
				INFOPLIST_KEY_NSCameraUsageDescription = "\"To scan QR codes.\"";
				INFOPLIST_KEY_UIApplicationSceneManifest_Generation = YES;
				INFOPLIST_KEY_UIApplicationSupportsIndirectInputEvents = YES;
				INFOPLIST_KEY_UILaunchScreen_Generation = YES;
				INFOPLIST_KEY_UISupportedInterfaceOrientations = UIInterfaceOrientationPortrait;
				INFOPLIST_KEY_UISupportedInterfaceOrientations_iPad = "UIInterfaceOrientationLandscapeLeft UIInterfaceOrientationLandscapeRight UIInterfaceOrientationPortrait UIInterfaceOrientationPortraitUpsideDown";
				INFOPLIST_KEY_UISupportsDocumentBrowser = YES;
				LD_RUNPATH_SEARCH_PATHS = (
					"$(inherited)",
					"@executable_path/Frameworks",
				);
				MARKETING_VERSION = 1.0;
				PRODUCT_BUNDLE_IDENTIFIER = com.matthewramsden.LDKNodeMonday;
				PRODUCT_NAME = "$(TARGET_NAME)";
				SWIFT_EMIT_LOC_STRINGS = YES;
				SWIFT_VERSION = 5.0;
				TARGETED_DEVICE_FAMILY = "1,2";
			};
			name = Release;
		};
/* End XCBuildConfiguration section */

/* Begin XCConfigurationList section */
		AE17E8D129A402E30058C9C9 /* Build configuration list for PBXProject "LDKNodeMonday" */ = {
			isa = XCConfigurationList;
			buildConfigurations = (
				AE17E8E229A402E40058C9C9 /* Debug */,
				AE17E8E329A402E40058C9C9 /* Release */,
			);
			defaultConfigurationIsVisible = 0;
			defaultConfigurationName = Release;
		};
		AE17E8E429A402E40058C9C9 /* Build configuration list for PBXNativeTarget "LDKNodeMonday" */ = {
			isa = XCConfigurationList;
			buildConfigurations = (
				AE17E8E529A402E40058C9C9 /* Debug */,
				AE17E8E629A402E40058C9C9 /* Release */,
			);
			defaultConfigurationIsVisible = 0;
			defaultConfigurationName = Release;
		};
/* End XCConfigurationList section */

/* Begin XCRemoteSwiftPackageReference section */
		65875A912CCB9809000D3E70 /* XCRemoteSwiftPackageReference "ldk-node" */ = {
			isa = XCRemoteSwiftPackageReference;
			repositoryURL = "https://github.com/lightningdevkit/ldk-node.git";
			requirement = {
				kind = exactVersion;
				version = 0.6.2;
			};
		};
		AE01C5AE2AB3BEED00F28C7E /* XCRemoteSwiftPackageReference "KeychainAccess" */ = {
			isa = XCRemoteSwiftPackageReference;
			repositoryURL = "https://github.com/kishikawakatsumi/KeychainAccess.git";
			requirement = {
				kind = exactVersion;
				version = 4.2.2;
			};
		};
		AE1D9BEA2B2A1FFD00620748 /* XCRemoteSwiftPackageReference "BitcoinUI" */ = {
			isa = XCRemoteSwiftPackageReference;
			repositoryURL = "https://github.com/reez/BitcoinUI.git";
			requirement = {
				kind = exactVersion;
				version = 1.0.8;
			};
		};
		AE7C4A062B406D590061189D /* XCRemoteSwiftPackageReference "SimpleToast" */ = {
			isa = XCRemoteSwiftPackageReference;
			repositoryURL = "https://github.com/sanzaru/SimpleToast.git";
			requirement = {
				kind = exactVersion;
				version = 0.10.1;
			};
		};
		AEE5B7632A09B1FC001E5E59 /* XCRemoteSwiftPackageReference "CodeScanner" */ = {
			isa = XCRemoteSwiftPackageReference;
			repositoryURL = "https://github.com/twostraws/CodeScanner";
			requirement = {
				kind = exactVersion;
				version = 2.5.2;
			};
		};
/* End XCRemoteSwiftPackageReference section */

/* Begin XCSwiftPackageProductDependency section */
		65875A922CCB9809000D3E70 /* LDKNode */ = {
			isa = XCSwiftPackageProductDependency;
			package = 65875A912CCB9809000D3E70 /* XCRemoteSwiftPackageReference "ldk-node" */;
			productName = LDKNode;
		};
		AE01C5AF2AB3BEED00F28C7E /* KeychainAccess */ = {
			isa = XCSwiftPackageProductDependency;
			package = AE01C5AE2AB3BEED00F28C7E /* XCRemoteSwiftPackageReference "KeychainAccess" */;
			productName = KeychainAccess;
		};
		AE060C372C051B59006724F1 /* LDKNode */ = {
			isa = XCSwiftPackageProductDependency;
			productName = LDKNode;
		};
		AE1D9BEB2B2A1FFD00620748 /* BitcoinUI */ = {
			isa = XCSwiftPackageProductDependency;
			package = AE1D9BEA2B2A1FFD00620748 /* XCRemoteSwiftPackageReference "BitcoinUI" */;
			productName = BitcoinUI;
		};
		AE51BEFC2B37A5DC00BAE452 /* SimpleToast */ = {
			isa = XCSwiftPackageProductDependency;
			productName = SimpleToast;
		};
		AE7C4A072B406D590061189D /* SimpleToast */ = {
			isa = XCSwiftPackageProductDependency;
			package = AE7C4A062B406D590061189D /* XCRemoteSwiftPackageReference "SimpleToast" */;
			productName = SimpleToast;
		};
		AE80C2042C4AB5E4006E7193 /* LDKNode */ = {
			isa = XCSwiftPackageProductDependency;
			productName = LDKNode;
		};
		AEE5B7642A09B1FC001E5E59 /* CodeScanner */ = {
			isa = XCSwiftPackageProductDependency;
			package = AEE5B7632A09B1FC001E5E59 /* XCRemoteSwiftPackageReference "CodeScanner" */;
			productName = CodeScanner;
		};
/* End XCSwiftPackageProductDependency section */
	};
	rootObject = AE17E8CE29A402E30058C9C9 /* Project object */;
}
