// !$*UTF8*$!
{
	archiveVersion = 1;
	classes = {
	};
	objectVersion = 56;
	objects = {

/* Begin PBXBuildFile section */
		AE001CDD29F5EBEC006CA7D1 /* SendConfirmationView.swift in Sources */ = {isa = PBXBuildFile; fileRef = AE001CDC29F5EBEC006CA7D1 /* SendConfirmationView.swift */; };
		AE17E8DA29A402E30058C9C9 /* LDKNodeMondayApp.swift in Sources */ = {isa = PBXBuildFile; fileRef = AE17E8D929A402E30058C9C9 /* LDKNodeMondayApp.swift */; };
		AE17E8DC29A402E30058C9C9 /* AddressView.swift in Sources */ = {isa = PBXBuildFile; fileRef = AE17E8DB29A402E30058C9C9 /* AddressView.swift */; };
		AE17E8DE29A402E40058C9C9 /* Assets.xcassets in Resources */ = {isa = PBXBuildFile; fileRef = AE17E8DD29A402E40058C9C9 /* Assets.xcassets */; };
		AE17E8E129A402E40058C9C9 /* Preview Assets.xcassets in Resources */ = {isa = PBXBuildFile; fileRef = AE17E8E029A402E40058C9C9 /* Preview Assets.xcassets */; };
		AE17E90D29A42D430058C9C9 /* LightningNodeService.swift in Sources */ = {isa = PBXBuildFile; fileRef = AE17E90C29A42D430058C9C9 /* LightningNodeService.swift */; };
		AE48445329F1BDBD007E37C7 /* LightningDevKitNode in Frameworks */ = {isa = PBXBuildFile; productRef = AE48445229F1BDBD007E37C7 /* LightningDevKitNode */; };
		AE5C4FD229A5543C00BE3285 /* LightningStorage.swift in Sources */ = {isa = PBXBuildFile; fileRef = AE5C4FD129A5543C00BE3285 /* LightningStorage.swift */; };
		AE5C4FD529A5565700BE3285 /* README.md in Resources */ = {isa = PBXBuildFile; fileRef = AE5C4FD429A5565700BE3285 /* README.md */; };
		AE5C4FD829A5577F00BE3285 /* WalletUI in Frameworks */ = {isa = PBXBuildFile; productRef = AE5C4FD729A5577F00BE3285 /* WalletUI */; };
		AE6BB56F2A008CBA009E16E3 /* UInt64+Extensions.swift in Sources */ = {isa = PBXBuildFile; fileRef = AE6BB56E2A008CBA009E16E3 /* UInt64+Extensions.swift */; };
		AE6BB5712A00947B009E16E3 /* ReceiveView.swift in Sources */ = {isa = PBXBuildFile; fileRef = AE6BB5702A00947B009E16E3 /* ReceiveView.swift */; };
		AE6BB5732A0171F1009E16E3 /* EventsView.swift in Sources */ = {isa = PBXBuildFile; fileRef = AE6BB5722A0171F1009E16E3 /* EventsView.swift */; };
		AE6BB5752A017D77009E16E3 /* ChannelReadyView.swift in Sources */ = {isa = PBXBuildFile; fileRef = AE6BB5742A017D77009E16E3 /* ChannelReadyView.swift */; };
		AE6BB5772A017DE1009E16E3 /* PaymentSuccessfulView.swift in Sources */ = {isa = PBXBuildFile; fileRef = AE6BB5762A017DE1009E16E3 /* PaymentSuccessfulView.swift */; };
		AE6BB5792A017DEA009E16E3 /* PaymentFailedView.swift in Sources */ = {isa = PBXBuildFile; fileRef = AE6BB5782A017DEA009E16E3 /* PaymentFailedView.swift */; };
		AE6BB57B2A017DF2009E16E3 /* PaymentReceivedView.swift in Sources */ = {isa = PBXBuildFile; fileRef = AE6BB57A2A017DF2009E16E3 /* PaymentReceivedView.swift */; };
		AE6BB57D2A017DFA009E16E3 /* ChannelClosedView.swift in Sources */ = {isa = PBXBuildFile; fileRef = AE6BB57C2A017DFA009E16E3 /* ChannelClosedView.swift */; };
		AE80116929A59918009B9967 /* TabHomeView.swift in Sources */ = {isa = PBXBuildFile; fileRef = AE80116829A59918009B9967 /* TabHomeView.swift */; };
		AE80116B29A59976009B9967 /* NodeIDView.swift in Sources */ = {isa = PBXBuildFile; fileRef = AE80116A29A59976009B9967 /* NodeIDView.swift */; };
		AE80116D29A59AF4009B9967 /* ChannelView.swift in Sources */ = {isa = PBXBuildFile; fileRef = AE80116C29A59AF4009B9967 /* ChannelView.swift */; };
		AE83142629AED67B00088A70 /* LightningNodeError.swift in Sources */ = {isa = PBXBuildFile; fileRef = AE83142529AED67B00088A70 /* LightningNodeError.swift */; };
		AE83142829AEDDAD00088A70 /* SendView.swift in Sources */ = {isa = PBXBuildFile; fileRef = AE83142729AEDDAD00088A70 /* SendView.swift */; };
		AE931D8829AA79DF00F7F2F7 /* NetworkConnection.swift in Sources */ = {isa = PBXBuildFile; fileRef = AE931D8729AA79DF00F7F2F7 /* NetworkConnection.swift */; };
		AE94226A2A007D6C007E4F12 /* ChannelsListView.swift in Sources */ = {isa = PBXBuildFile; fileRef = AE9422692A007D6C007E4F12 /* ChannelsListView.swift */; };
		AEBAA4812A01A6BB0042EA82 /* LDKNodeMondayEvent.swift in Sources */ = {isa = PBXBuildFile; fileRef = AEBAA4802A01A6BB0042EA82 /* LDKNodeMondayEvent.swift */; };
		AEBAA4832A01A80A0042EA82 /* PeersListView.swift in Sources */ = {isa = PBXBuildFile; fileRef = AEBAA4822A01A80A0042EA82 /* PeersListView.swift */; };
		AEBAA48D2A01A93B0042EA82 /* PeerView.swift in Sources */ = {isa = PBXBuildFile; fileRef = AEBAA48C2A01A93B0042EA82 /* PeerView.swift */; };
		AEBAA48F2A01C03A0042EA82 /* StopView.swift in Sources */ = {isa = PBXBuildFile; fileRef = AEBAA48E2A01C03A0042EA82 /* StopView.swift */; };
		AEBAA4922A01C34A0042EA82 /* ChannelCloseView.swift in Sources */ = {isa = PBXBuildFile; fileRef = AEBAA4912A01C34A0042EA82 /* ChannelCloseView.swift */; };
		AEE4CD0129ABC0DB00BF1BF9 /* QRCodeView.swift in Sources */ = {isa = PBXBuildFile; fileRef = AEE4CD0029ABC0DB00BF1BF9 /* QRCodeView.swift */; };
		AEE8FDDD29F855E700406DD9 /* String+Extensions.swift in Sources */ = {isa = PBXBuildFile; fileRef = AEE8FDDC29F855E700406DD9 /* String+Extensions.swift */; };
		AEE8FDDF29F8579600406DD9 /* Date+Extensions.swift in Sources */ = {isa = PBXBuildFile; fileRef = AEE8FDDE29F8579600406DD9 /* Date+Extensions.swift */; };
/* End PBXBuildFile section */

/* Begin PBXFileReference section */
		AE001CDC29F5EBEC006CA7D1 /* SendConfirmationView.swift */ = {isa = PBXFileReference; lastKnownFileType = sourcecode.swift; path = SendConfirmationView.swift; sourceTree = "<group>"; };
		AE17E8D629A402E30058C9C9 /* LDKNodeMonday.app */ = {isa = PBXFileReference; explicitFileType = wrapper.application; includeInIndex = 0; path = LDKNodeMonday.app; sourceTree = BUILT_PRODUCTS_DIR; };
		AE17E8D929A402E30058C9C9 /* LDKNodeMondayApp.swift */ = {isa = PBXFileReference; lastKnownFileType = sourcecode.swift; path = LDKNodeMondayApp.swift; sourceTree = "<group>"; };
		AE17E8DB29A402E30058C9C9 /* AddressView.swift */ = {isa = PBXFileReference; lastKnownFileType = sourcecode.swift; path = AddressView.swift; sourceTree = "<group>"; };
		AE17E8DD29A402E40058C9C9 /* Assets.xcassets */ = {isa = PBXFileReference; lastKnownFileType = folder.assetcatalog; path = Assets.xcassets; sourceTree = "<group>"; };
		AE17E8E029A402E40058C9C9 /* Preview Assets.xcassets */ = {isa = PBXFileReference; lastKnownFileType = folder.assetcatalog; path = "Preview Assets.xcassets"; sourceTree = "<group>"; };
		AE17E90C29A42D430058C9C9 /* LightningNodeService.swift */ = {isa = PBXFileReference; lastKnownFileType = sourcecode.swift; path = LightningNodeService.swift; sourceTree = "<group>"; };
		AE5C4FD129A5543C00BE3285 /* LightningStorage.swift */ = {isa = PBXFileReference; lastKnownFileType = sourcecode.swift; path = LightningStorage.swift; sourceTree = "<group>"; };
		AE5C4FD429A5565700BE3285 /* README.md */ = {isa = PBXFileReference; lastKnownFileType = net.daringfireball.markdown; path = README.md; sourceTree = "<group>"; };
		AE6BB56E2A008CBA009E16E3 /* UInt64+Extensions.swift */ = {isa = PBXFileReference; lastKnownFileType = sourcecode.swift; path = "UInt64+Extensions.swift"; sourceTree = "<group>"; };
		AE6BB5702A00947B009E16E3 /* ReceiveView.swift */ = {isa = PBXFileReference; lastKnownFileType = sourcecode.swift; path = ReceiveView.swift; sourceTree = "<group>"; };
		AE6BB5722A0171F1009E16E3 /* EventsView.swift */ = {isa = PBXFileReference; lastKnownFileType = sourcecode.swift; path = EventsView.swift; sourceTree = "<group>"; };
		AE6BB5742A017D77009E16E3 /* ChannelReadyView.swift */ = {isa = PBXFileReference; lastKnownFileType = sourcecode.swift; path = ChannelReadyView.swift; sourceTree = "<group>"; };
		AE6BB5762A017DE1009E16E3 /* PaymentSuccessfulView.swift */ = {isa = PBXFileReference; lastKnownFileType = sourcecode.swift; path = PaymentSuccessfulView.swift; sourceTree = "<group>"; };
		AE6BB5782A017DEA009E16E3 /* PaymentFailedView.swift */ = {isa = PBXFileReference; lastKnownFileType = sourcecode.swift; path = PaymentFailedView.swift; sourceTree = "<group>"; };
		AE6BB57A2A017DF2009E16E3 /* PaymentReceivedView.swift */ = {isa = PBXFileReference; lastKnownFileType = sourcecode.swift; path = PaymentReceivedView.swift; sourceTree = "<group>"; };
		AE6BB57C2A017DFA009E16E3 /* ChannelClosedView.swift */ = {isa = PBXFileReference; lastKnownFileType = sourcecode.swift; path = ChannelClosedView.swift; sourceTree = "<group>"; };
		AE80116829A59918009B9967 /* TabHomeView.swift */ = {isa = PBXFileReference; lastKnownFileType = sourcecode.swift; path = TabHomeView.swift; sourceTree = "<group>"; };
		AE80116A29A59976009B9967 /* NodeIDView.swift */ = {isa = PBXFileReference; lastKnownFileType = sourcecode.swift; path = NodeIDView.swift; sourceTree = "<group>"; };
		AE80116C29A59AF4009B9967 /* ChannelView.swift */ = {isa = PBXFileReference; lastKnownFileType = sourcecode.swift; path = ChannelView.swift; sourceTree = "<group>"; };
		AE83142529AED67B00088A70 /* LightningNodeError.swift */ = {isa = PBXFileReference; lastKnownFileType = sourcecode.swift; path = LightningNodeError.swift; sourceTree = "<group>"; };
		AE83142729AEDDAD00088A70 /* SendView.swift */ = {isa = PBXFileReference; lastKnownFileType = sourcecode.swift; path = SendView.swift; sourceTree = "<group>"; };
		AE8D877429B145F100F2B918 /* Info.plist */ = {isa = PBXFileReference; lastKnownFileType = text.plist; path = Info.plist; sourceTree = "<group>"; };
		AE931D8729AA79DF00F7F2F7 /* NetworkConnection.swift */ = {isa = PBXFileReference; lastKnownFileType = sourcecode.swift; path = NetworkConnection.swift; sourceTree = "<group>"; };
		AE9422692A007D6C007E4F12 /* ChannelsListView.swift */ = {isa = PBXFileReference; lastKnownFileType = sourcecode.swift; path = ChannelsListView.swift; sourceTree = "<group>"; };
		AEBAA4802A01A6BB0042EA82 /* LDKNodeMondayEvent.swift */ = {isa = PBXFileReference; lastKnownFileType = sourcecode.swift; path = LDKNodeMondayEvent.swift; sourceTree = "<group>"; };
		AEBAA4822A01A80A0042EA82 /* PeersListView.swift */ = {isa = PBXFileReference; lastKnownFileType = sourcecode.swift; path = PeersListView.swift; sourceTree = "<group>"; };
		AEBAA48C2A01A93B0042EA82 /* PeerView.swift */ = {isa = PBXFileReference; lastKnownFileType = sourcecode.swift; path = PeerView.swift; sourceTree = "<group>"; };
		AEBAA48E2A01C03A0042EA82 /* StopView.swift */ = {isa = PBXFileReference; lastKnownFileType = sourcecode.swift; path = StopView.swift; sourceTree = "<group>"; };
		AEBAA4912A01C34A0042EA82 /* ChannelCloseView.swift */ = {isa = PBXFileReference; lastKnownFileType = sourcecode.swift; path = ChannelCloseView.swift; sourceTree = "<group>"; };
		AEE4CD0029ABC0DB00BF1BF9 /* QRCodeView.swift */ = {isa = PBXFileReference; lastKnownFileType = sourcecode.swift; path = QRCodeView.swift; sourceTree = "<group>"; };
		AEE8FDDC29F855E700406DD9 /* String+Extensions.swift */ = {isa = PBXFileReference; lastKnownFileType = sourcecode.swift; path = "String+Extensions.swift"; sourceTree = "<group>"; };
		AEE8FDDE29F8579600406DD9 /* Date+Extensions.swift */ = {isa = PBXFileReference; lastKnownFileType = sourcecode.swift; path = "Date+Extensions.swift"; sourceTree = "<group>"; };
/* End PBXFileReference section */

/* Begin PBXFrameworksBuildPhase section */
		AE17E8D329A402E30058C9C9 /* Frameworks */ = {
			isa = PBXFrameworksBuildPhase;
			buildActionMask = 2147483647;
			files = (
				AE48445329F1BDBD007E37C7 /* LightningDevKitNode in Frameworks */,
				AE5C4FD829A5577F00BE3285 /* WalletUI in Frameworks */,
			);
			runOnlyForDeploymentPostprocessing = 0;
		};
/* End PBXFrameworksBuildPhase section */

/* Begin PBXGroup section */
		AE17E8CD29A402E30058C9C9 = {
			isa = PBXGroup;
			children = (
				AE5C4FD429A5565700BE3285 /* README.md */,
				AE17E8D829A402E30058C9C9 /* LDKNodeMonday */,
				AE17E8D729A402E30058C9C9 /* Products */,
				AE17E8E929A403800058C9C9 /* Frameworks */,
			);
			sourceTree = "<group>";
		};
		AE17E8D729A402E30058C9C9 /* Products */ = {
			isa = PBXGroup;
			children = (
				AE17E8D629A402E30058C9C9 /* LDKNodeMonday.app */,
			);
			name = Products;
			sourceTree = "<group>";
		};
		AE17E8D829A402E30058C9C9 /* LDKNodeMonday */ = {
			isa = PBXGroup;
			children = (
				AE8D877429B145F100F2B918 /* Info.plist */,
				AE17E8D929A402E30058C9C9 /* LDKNodeMondayApp.swift */,
				AE80116E29A5A64F009B9967 /* View */,
				AE5C4FD329A5550100BE3285 /* Lightning */,
				AEE8FDE029F8581400406DD9 /* Extensions */,
				AE931D8929AA79E800F7F2F7 /* Utilities */,
				AE17E8DD29A402E40058C9C9 /* Assets.xcassets */,
				AE17E8DF29A402E40058C9C9 /* Preview Content */,
			);
			path = LDKNodeMonday;
			sourceTree = "<group>";
		};
		AE17E8DF29A402E40058C9C9 /* Preview Content */ = {
			isa = PBXGroup;
			children = (
				AE17E8E029A402E40058C9C9 /* Preview Assets.xcassets */,
			);
			path = "Preview Content";
			sourceTree = "<group>";
		};
		AE17E8E929A403800058C9C9 /* Frameworks */ = {
			isa = PBXGroup;
			children = (
			);
			name = Frameworks;
			sourceTree = "<group>";
		};
		AE5C4FD329A5550100BE3285 /* Lightning */ = {
			isa = PBXGroup;
			children = (
				AE17E90C29A42D430058C9C9 /* LightningNodeService.swift */,
				AEBAA4802A01A6BB0042EA82 /* LDKNodeMondayEvent.swift */,
				AE5C4FD129A5543C00BE3285 /* LightningStorage.swift */,
				AE83142529AED67B00088A70 /* LightningNodeError.swift */,
			);
			path = Lightning;
			sourceTree = "<group>";
		};
		AE6BB57E2A0181A6009E16E3 /* Event */ = {
			isa = PBXGroup;
			children = (
				AE6BB5722A0171F1009E16E3 /* EventsView.swift */,
				AE6BB5742A017D77009E16E3 /* ChannelReadyView.swift */,
				AE6BB57C2A017DFA009E16E3 /* ChannelClosedView.swift */,
				AE6BB57A2A017DF2009E16E3 /* PaymentReceivedView.swift */,
				AE6BB5782A017DEA009E16E3 /* PaymentFailedView.swift */,
				AE6BB5762A017DE1009E16E3 /* PaymentSuccessfulView.swift */,
			);
			path = Event;
			sourceTree = "<group>";
		};
		AE80116E29A5A64F009B9967 /* View */ = {
			isa = PBXGroup;
			children = (
				AE80116829A59918009B9967 /* TabHomeView.swift */,
				AE6BB57E2A0181A6009E16E3 /* Event */,
				AEBAA4872A01A9060042EA82 /* Address */,
				AEBAA48B2A01A9300042EA82 /* Peer */,
				AEBAA4862A01A8FB0042EA82 /* Channel */,
				AEBAA4882A01A90D0042EA82 /* Send */,
				AEBAA4892A01A9130042EA82 /* Receive */,
				AEBAA48A2A01A91C0042EA82 /* Node ID */,
				AEBAA4902A01C1770042EA82 /* Stop */,
			);
			path = View;
			sourceTree = "<group>";
		};
		AE931D8929AA79E800F7F2F7 /* Utilities */ = {
			isa = PBXGroup;
			children = (
				AE931D8729AA79DF00F7F2F7 /* NetworkConnection.swift */,
			);
			path = Utilities;
			sourceTree = "<group>";
		};
		AEBAA4862A01A8FB0042EA82 /* Channel */ = {
			isa = PBXGroup;
			children = (
				AE9422692A007D6C007E4F12 /* ChannelsListView.swift */,
				AE80116C29A59AF4009B9967 /* ChannelView.swift */,
				AEBAA4912A01C34A0042EA82 /* ChannelCloseView.swift */,
			);
			path = Channel;
			sourceTree = "<group>";
		};
		AEBAA4872A01A9060042EA82 /* Address */ = {
			isa = PBXGroup;
			children = (
				AE17E8DB29A402E30058C9C9 /* AddressView.swift */,
				AEE4CD0029ABC0DB00BF1BF9 /* QRCodeView.swift */,
			);
			path = Address;
			sourceTree = "<group>";
		};
		AEBAA4882A01A90D0042EA82 /* Send */ = {
			isa = PBXGroup;
			children = (
				AE83142729AEDDAD00088A70 /* SendView.swift */,
				AE001CDC29F5EBEC006CA7D1 /* SendConfirmationView.swift */,
			);
			path = Send;
			sourceTree = "<group>";
		};
		AEBAA4892A01A9130042EA82 /* Receive */ = {
			isa = PBXGroup;
			children = (
				AE6BB5702A00947B009E16E3 /* ReceiveView.swift */,
			);
			path = Receive;
			sourceTree = "<group>";
		};
		AEBAA48A2A01A91C0042EA82 /* Node ID */ = {
			isa = PBXGroup;
			children = (
				AE80116A29A59976009B9967 /* NodeIDView.swift */,
			);
			path = "Node ID";
			sourceTree = "<group>";
		};
		AEBAA48B2A01A9300042EA82 /* Peer */ = {
			isa = PBXGroup;
			children = (
				AEBAA4822A01A80A0042EA82 /* PeersListView.swift */,
				AEBAA48C2A01A93B0042EA82 /* PeerView.swift */,
			);
			path = Peer;
			sourceTree = "<group>";
		};
		AEBAA4902A01C1770042EA82 /* Stop */ = {
			isa = PBXGroup;
			children = (
				AEBAA48E2A01C03A0042EA82 /* StopView.swift */,
			);
			path = Stop;
			sourceTree = "<group>";
		};
		AEE8FDE029F8581400406DD9 /* Extensions */ = {
			isa = PBXGroup;
			children = (
				AEE8FDDE29F8579600406DD9 /* Date+Extensions.swift */,
				AEE8FDDC29F855E700406DD9 /* String+Extensions.swift */,
				AE6BB56E2A008CBA009E16E3 /* UInt64+Extensions.swift */,
			);
			path = Extensions;
			sourceTree = "<group>";
		};
/* End PBXGroup section */

/* Begin PBXNativeTarget section */
		AE17E8D529A402E30058C9C9 /* LDKNodeMonday */ = {
			isa = PBXNativeTarget;
			buildConfigurationList = AE17E8E429A402E40058C9C9 /* Build configuration list for PBXNativeTarget "LDKNodeMonday" */;
			buildPhases = (
				AE17E8D229A402E30058C9C9 /* Sources */,
				AE17E8D329A402E30058C9C9 /* Frameworks */,
				AE17E8D429A402E30058C9C9 /* Resources */,
			);
			buildRules = (
			);
			dependencies = (
			);
			name = LDKNodeMonday;
			packageProductDependencies = (
				AE5C4FD729A5577F00BE3285 /* WalletUI */,
				AE48445229F1BDBD007E37C7 /* LightningDevKitNode */,
			);
			productName = LDKNodeMonday;
			productReference = AE17E8D629A402E30058C9C9 /* LDKNodeMonday.app */;
			productType = "com.apple.product-type.application";
		};
/* End PBXNativeTarget section */

/* Begin PBXProject section */
		AE17E8CE29A402E30058C9C9 /* Project object */ = {
			isa = PBXProject;
			attributes = {
				BuildIndependentTargetsInParallel = 1;
				LastSwiftUpdateCheck = 1420;
				LastUpgradeCheck = 1420;
				TargetAttributes = {
					AE17E8D529A402E30058C9C9 = {
						CreatedOnToolsVersion = 14.2;
					};
				};
			};
			buildConfigurationList = AE17E8D129A402E30058C9C9 /* Build configuration list for PBXProject "LDKNodeMonday" */;
			compatibilityVersion = "Xcode 14.0";
			developmentRegion = en;
			hasScannedForEncodings = 0;
			knownRegions = (
				en,
				Base,
			);
			mainGroup = AE17E8CD29A402E30058C9C9;
			packageReferences = (
				AE5C4FD629A5577F00BE3285 /* XCRemoteSwiftPackageReference "WalletUI" */,
				AE48444F29F1BDA2007E37C7 /* XCRemoteSwiftPackageReference "ldk-node" */,
			);
			productRefGroup = AE17E8D729A402E30058C9C9 /* Products */;
			projectDirPath = "";
			projectRoot = "";
			targets = (
				AE17E8D529A402E30058C9C9 /* LDKNodeMonday */,
			);
		};
/* End PBXProject section */

/* Begin PBXResourcesBuildPhase section */
		AE17E8D429A402E30058C9C9 /* Resources */ = {
			isa = PBXResourcesBuildPhase;
			buildActionMask = 2147483647;
			files = (
				AE5C4FD529A5565700BE3285 /* README.md in Resources */,
				AE17E8E129A402E40058C9C9 /* Preview Assets.xcassets in Resources */,
				AE17E8DE29A402E40058C9C9 /* Assets.xcassets in Resources */,
			);
			runOnlyForDeploymentPostprocessing = 0;
		};
/* End PBXResourcesBuildPhase section */

/* Begin PBXSourcesBuildPhase section */
		AE17E8D229A402E30058C9C9 /* Sources */ = {
			isa = PBXSourcesBuildPhase;
			buildActionMask = 2147483647;
			files = (
				AE83142629AED67B00088A70 /* LightningNodeError.swift in Sources */,
				AE001CDD29F5EBEC006CA7D1 /* SendConfirmationView.swift in Sources */,
				AE17E90D29A42D430058C9C9 /* LightningNodeService.swift in Sources */,
				AEBAA4922A01C34A0042EA82 /* ChannelCloseView.swift in Sources */,
				AE6BB5772A017DE1009E16E3 /* PaymentSuccessfulView.swift in Sources */,
				AE6BB57B2A017DF2009E16E3 /* PaymentReceivedView.swift in Sources */,
				AE83142829AEDDAD00088A70 /* SendView.swift in Sources */,
				AEBAA4812A01A6BB0042EA82 /* LDKNodeMondayEvent.swift in Sources */,
				AE94226A2A007D6C007E4F12 /* ChannelsListView.swift in Sources */,
				AEBAA4832A01A80A0042EA82 /* PeersListView.swift in Sources */,
				AE17E8DC29A402E30058C9C9 /* AddressView.swift in Sources */,
				AEBAA48D2A01A93B0042EA82 /* PeerView.swift in Sources */,
				AE6BB5712A00947B009E16E3 /* ReceiveView.swift in Sources */,
				AEE4CD0129ABC0DB00BF1BF9 /* QRCodeView.swift in Sources */,
				AE80116929A59918009B9967 /* TabHomeView.swift in Sources */,
				AE6BB5752A017D77009E16E3 /* ChannelReadyView.swift in Sources */,
				AE5C4FD229A5543C00BE3285 /* LightningStorage.swift in Sources */,
				AEE8FDDF29F8579600406DD9 /* Date+Extensions.swift in Sources */,
				AE6BB5792A017DEA009E16E3 /* PaymentFailedView.swift in Sources */,
				AE17E8DA29A402E30058C9C9 /* LDKNodeMondayApp.swift in Sources */,
				AEE8FDDD29F855E700406DD9 /* String+Extensions.swift in Sources */,
				AE6BB57D2A017DFA009E16E3 /* ChannelClosedView.swift in Sources */,
				AE6BB56F2A008CBA009E16E3 /* UInt64+Extensions.swift in Sources */,
				AE80116D29A59AF4009B9967 /* ChannelView.swift in Sources */,
				AE80116B29A59976009B9967 /* NodeIDView.swift in Sources */,
				AE931D8829AA79DF00F7F2F7 /* NetworkConnection.swift in Sources */,
				AEBAA48F2A01C03A0042EA82 /* StopView.swift in Sources */,
				AE6BB5732A0171F1009E16E3 /* EventsView.swift in Sources */,
			);
			runOnlyForDeploymentPostprocessing = 0;
		};
/* End PBXSourcesBuildPhase section */

/* Begin XCBuildConfiguration section */
		AE17E8E229A402E40058C9C9 /* Debug */ = {
			isa = XCBuildConfiguration;
			buildSettings = {
				ALWAYS_SEARCH_USER_PATHS = NO;
				CLANG_ANALYZER_NONNULL = YES;
				CLANG_ANALYZER_NUMBER_OBJECT_CONVERSION = YES_AGGRESSIVE;
				CLANG_CXX_LANGUAGE_STANDARD = "gnu++20";
				CLANG_ENABLE_MODULES = YES;
				CLANG_ENABLE_OBJC_ARC = YES;
				CLANG_ENABLE_OBJC_WEAK = YES;
				CLANG_WARN_BLOCK_CAPTURE_AUTORELEASING = YES;
				CLANG_WARN_BOOL_CONVERSION = YES;
				CLANG_WARN_COMMA = YES;
				CLANG_WARN_CONSTANT_CONVERSION = YES;
				CLANG_WARN_DEPRECATED_OBJC_IMPLEMENTATIONS = YES;
				CLANG_WARN_DIRECT_OBJC_ISA_USAGE = YES_ERROR;
				CLANG_WARN_DOCUMENTATION_COMMENTS = YES;
				CLANG_WARN_EMPTY_BODY = YES;
				CLANG_WARN_ENUM_CONVERSION = YES;
				CLANG_WARN_INFINITE_RECURSION = YES;
				CLANG_WARN_INT_CONVERSION = YES;
				CLANG_WARN_NON_LITERAL_NULL_CONVERSION = YES;
				CLANG_WARN_OBJC_IMPLICIT_RETAIN_SELF = YES;
				CLANG_WARN_OBJC_LITERAL_CONVERSION = YES;
				CLANG_WARN_OBJC_ROOT_CLASS = YES_ERROR;
				CLANG_WARN_QUOTED_INCLUDE_IN_FRAMEWORK_HEADER = YES;
				CLANG_WARN_RANGE_LOOP_ANALYSIS = YES;
				CLANG_WARN_STRICT_PROTOTYPES = YES;
				CLANG_WARN_SUSPICIOUS_MOVE = YES;
				CLANG_WARN_UNGUARDED_AVAILABILITY = YES_AGGRESSIVE;
				CLANG_WARN_UNREACHABLE_CODE = YES;
				CLANG_WARN__DUPLICATE_METHOD_MATCH = YES;
				COPY_PHASE_STRIP = NO;
				DEBUG_INFORMATION_FORMAT = dwarf;
				ENABLE_STRICT_OBJC_MSGSEND = YES;
				ENABLE_TESTABILITY = YES;
				GCC_C_LANGUAGE_STANDARD = gnu11;
				GCC_DYNAMIC_NO_PIC = NO;
				GCC_NO_COMMON_BLOCKS = YES;
				GCC_OPTIMIZATION_LEVEL = 0;
				GCC_PREPROCESSOR_DEFINITIONS = (
					"DEBUG=1",
					"$(inherited)",
				);
				GCC_WARN_64_TO_32_BIT_CONVERSION = YES;
				GCC_WARN_ABOUT_RETURN_TYPE = YES_ERROR;
				GCC_WARN_UNDECLARED_SELECTOR = YES;
				GCC_WARN_UNINITIALIZED_AUTOS = YES_AGGRESSIVE;
				GCC_WARN_UNUSED_FUNCTION = YES;
				GCC_WARN_UNUSED_VARIABLE = YES;
				IPHONEOS_DEPLOYMENT_TARGET = 16.2;
				MTL_ENABLE_DEBUG_INFO = INCLUDE_SOURCE;
				MTL_FAST_MATH = YES;
				ONLY_ACTIVE_ARCH = YES;
				SDKROOT = iphoneos;
				SWIFT_ACTIVE_COMPILATION_CONDITIONS = DEBUG;
				SWIFT_OPTIMIZATION_LEVEL = "-Onone";
			};
			name = Debug;
		};
		AE17E8E329A402E40058C9C9 /* Release */ = {
			isa = XCBuildConfiguration;
			buildSettings = {
				ALWAYS_SEARCH_USER_PATHS = NO;
				CLANG_ANALYZER_NONNULL = YES;
				CLANG_ANALYZER_NUMBER_OBJECT_CONVERSION = YES_AGGRESSIVE;
				CLANG_CXX_LANGUAGE_STANDARD = "gnu++20";
				CLANG_ENABLE_MODULES = YES;
				CLANG_ENABLE_OBJC_ARC = YES;
				CLANG_ENABLE_OBJC_WEAK = YES;
				CLANG_WARN_BLOCK_CAPTURE_AUTORELEASING = YES;
				CLANG_WARN_BOOL_CONVERSION = YES;
				CLANG_WARN_COMMA = YES;
				CLANG_WARN_CONSTANT_CONVERSION = YES;
				CLANG_WARN_DEPRECATED_OBJC_IMPLEMENTATIONS = YES;
				CLANG_WARN_DIRECT_OBJC_ISA_USAGE = YES_ERROR;
				CLANG_WARN_DOCUMENTATION_COMMENTS = YES;
				CLANG_WARN_EMPTY_BODY = YES;
				CLANG_WARN_ENUM_CONVERSION = YES;
				CLANG_WARN_INFINITE_RECURSION = YES;
				CLANG_WARN_INT_CONVERSION = YES;
				CLANG_WARN_NON_LITERAL_NULL_CONVERSION = YES;
				CLANG_WARN_OBJC_IMPLICIT_RETAIN_SELF = YES;
				CLANG_WARN_OBJC_LITERAL_CONVERSION = YES;
				CLANG_WARN_OBJC_ROOT_CLASS = YES_ERROR;
				CLANG_WARN_QUOTED_INCLUDE_IN_FRAMEWORK_HEADER = YES;
				CLANG_WARN_RANGE_LOOP_ANALYSIS = YES;
				CLANG_WARN_STRICT_PROTOTYPES = YES;
				CLANG_WARN_SUSPICIOUS_MOVE = YES;
				CLANG_WARN_UNGUARDED_AVAILABILITY = YES_AGGRESSIVE;
				CLANG_WARN_UNREACHABLE_CODE = YES;
				CLANG_WARN__DUPLICATE_METHOD_MATCH = YES;
				COPY_PHASE_STRIP = NO;
				DEBUG_INFORMATION_FORMAT = "dwarf-with-dsym";
				ENABLE_NS_ASSERTIONS = NO;
				ENABLE_STRICT_OBJC_MSGSEND = YES;
				GCC_C_LANGUAGE_STANDARD = gnu11;
				GCC_NO_COMMON_BLOCKS = YES;
				GCC_WARN_64_TO_32_BIT_CONVERSION = YES;
				GCC_WARN_ABOUT_RETURN_TYPE = YES_ERROR;
				GCC_WARN_UNDECLARED_SELECTOR = YES;
				GCC_WARN_UNINITIALIZED_AUTOS = YES_AGGRESSIVE;
				GCC_WARN_UNUSED_FUNCTION = YES;
				GCC_WARN_UNUSED_VARIABLE = YES;
				IPHONEOS_DEPLOYMENT_TARGET = 16.2;
				MTL_ENABLE_DEBUG_INFO = NO;
				MTL_FAST_MATH = YES;
				SDKROOT = iphoneos;
				SWIFT_COMPILATION_MODE = wholemodule;
				SWIFT_OPTIMIZATION_LEVEL = "-O";
				VALIDATE_PRODUCT = YES;
			};
			name = Release;
		};
		AE17E8E529A402E40058C9C9 /* Debug */ = {
			isa = XCBuildConfiguration;
			buildSettings = {
				ASSETCATALOG_COMPILER_APPICON_NAME = AppIcon;
				ASSETCATALOG_COMPILER_GLOBAL_ACCENT_COLOR_NAME = AccentColor;
				CODE_SIGN_STYLE = Automatic;
				CURRENT_PROJECT_VERSION = 1;
				DEVELOPMENT_ASSET_PATHS = "\"LDKNodeMonday/Preview Content\"";
				DEVELOPMENT_TEAM = 9G6M658RKZ;
				ENABLE_PREVIEWS = YES;
				GENERATE_INFOPLIST_FILE = YES;
				INFOPLIST_FILE = LDKNodeMonday/Info.plist;
				INFOPLIST_KEY_UIApplicationSceneManifest_Generation = YES;
				INFOPLIST_KEY_UIApplicationSupportsIndirectInputEvents = YES;
				INFOPLIST_KEY_UILaunchScreen_Generation = YES;
				INFOPLIST_KEY_UISupportedInterfaceOrientations_iPad = "UIInterfaceOrientationPortrait UIInterfaceOrientationPortraitUpsideDown UIInterfaceOrientationLandscapeLeft UIInterfaceOrientationLandscapeRight";
				INFOPLIST_KEY_UISupportedInterfaceOrientations_iPhone = "UIInterfaceOrientationPortrait UIInterfaceOrientationLandscapeLeft UIInterfaceOrientationLandscapeRight";
				LD_RUNPATH_SEARCH_PATHS = (
					"$(inherited)",
					"@executable_path/Frameworks",
				);
				MARKETING_VERSION = 1.0;
				PRODUCT_BUNDLE_IDENTIFIER = com.matthewramsden.LDKNodeMonday;
				PRODUCT_NAME = "$(TARGET_NAME)";
				SWIFT_EMIT_LOC_STRINGS = YES;
				SWIFT_VERSION = 5.0;
				TARGETED_DEVICE_FAMILY = "1,2";
			};
			name = Debug;
		};
		AE17E8E629A402E40058C9C9 /* Release */ = {
			isa = XCBuildConfiguration;
			buildSettings = {
				ASSETCATALOG_COMPILER_APPICON_NAME = AppIcon;
				ASSETCATALOG_COMPILER_GLOBAL_ACCENT_COLOR_NAME = AccentColor;
				CODE_SIGN_STYLE = Automatic;
				CURRENT_PROJECT_VERSION = 1;
				DEVELOPMENT_ASSET_PATHS = "\"LDKNodeMonday/Preview Content\"";
				DEVELOPMENT_TEAM = 9G6M658RKZ;
				ENABLE_PREVIEWS = YES;
				GENERATE_INFOPLIST_FILE = YES;
				INFOPLIST_FILE = LDKNodeMonday/Info.plist;
				INFOPLIST_KEY_UIApplicationSceneManifest_Generation = YES;
				INFOPLIST_KEY_UIApplicationSupportsIndirectInputEvents = YES;
				INFOPLIST_KEY_UILaunchScreen_Generation = YES;
				INFOPLIST_KEY_UISupportedInterfaceOrientations_iPad = "UIInterfaceOrientationPortrait UIInterfaceOrientationPortraitUpsideDown UIInterfaceOrientationLandscapeLeft UIInterfaceOrientationLandscapeRight";
				INFOPLIST_KEY_UISupportedInterfaceOrientations_iPhone = "UIInterfaceOrientationPortrait UIInterfaceOrientationLandscapeLeft UIInterfaceOrientationLandscapeRight";
				LD_RUNPATH_SEARCH_PATHS = (
					"$(inherited)",
					"@executable_path/Frameworks",
				);
				MARKETING_VERSION = 1.0;
				PRODUCT_BUNDLE_IDENTIFIER = com.matthewramsden.LDKNodeMonday;
				PRODUCT_NAME = "$(TARGET_NAME)";
				SWIFT_EMIT_LOC_STRINGS = YES;
				SWIFT_VERSION = 5.0;
				TARGETED_DEVICE_FAMILY = "1,2";
			};
			name = Release;
		};
/* End XCBuildConfiguration section */

/* Begin XCConfigurationList section */
		AE17E8D129A402E30058C9C9 /* Build configuration list for PBXProject "LDKNodeMonday" */ = {
			isa = XCConfigurationList;
			buildConfigurations = (
				AE17E8E229A402E40058C9C9 /* Debug */,
				AE17E8E329A402E40058C9C9 /* Release */,
			);
			defaultConfigurationIsVisible = 0;
			defaultConfigurationName = Release;
		};
		AE17E8E429A402E40058C9C9 /* Build configuration list for PBXNativeTarget "LDKNodeMonday" */ = {
			isa = XCConfigurationList;
			buildConfigurations = (
				AE17E8E529A402E40058C9C9 /* Debug */,
				AE17E8E629A402E40058C9C9 /* Release */,
			);
			defaultConfigurationIsVisible = 0;
			defaultConfigurationName = Release;
		};
/* End XCConfigurationList section */

/* Begin XCRemoteSwiftPackageReference section */
		AE48444F29F1BDA2007E37C7 /* XCRemoteSwiftPackageReference "ldk-node" */ = {
			isa = XCRemoteSwiftPackageReference;
			repositoryURL = "https://github.com/jurvis/ldk-node.git";
			requirement = {
				kind = exactVersion;
				version = 0.0.2;
			};
		};
		AE5C4FD629A5577F00BE3285 /* XCRemoteSwiftPackageReference "WalletUI" */ = {
			isa = XCRemoteSwiftPackageReference;
			repositoryURL = "https://github.com/reez/WalletUI.git";
			requirement = {
				branch = main;
				kind = branch;
			};
		};
/* End XCRemoteSwiftPackageReference section */

/* Begin XCSwiftPackageProductDependency section */
		AE48445229F1BDBD007E37C7 /* LightningDevKitNode */ = {
			isa = XCSwiftPackageProductDependency;
			package = AE48444F29F1BDA2007E37C7 /* XCRemoteSwiftPackageReference "ldk-node" */;
			productName = LightningDevKitNode;
		};
		AE5C4FD729A5577F00BE3285 /* WalletUI */ = {
			isa = XCSwiftPackageProductDependency;
			package = AE5C4FD629A5577F00BE3285 /* XCRemoteSwiftPackageReference "WalletUI" */;
			productName = WalletUI;
		};
/* End XCSwiftPackageProductDependency section */
	};
	rootObject = AE17E8CE29A402E30058C9C9 /* Project object */;
}
