// !$*UTF8*$!
{
	archiveVersion = 1;
	classes = {
	};
	objectVersion = 56;
	objects = {

/* Begin PBXBuildFile section */
		AE17E8DA29A402E30058C9C9 /* LDKNodeMondayApp.swift in Sources */ = {isa = PBXBuildFile; fileRef = AE17E8D929A402E30058C9C9 /* LDKNodeMondayApp.swift */; };
		AE17E8DC29A402E30058C9C9 /* AddressView.swift in Sources */ = {isa = PBXBuildFile; fileRef = AE17E8DB29A402E30058C9C9 /* AddressView.swift */; };
		AE17E8DE29A402E40058C9C9 /* Assets.xcassets in Resources */ = {isa = PBXBuildFile; fileRef = AE17E8DD29A402E40058C9C9 /* Assets.xcassets */; };
		AE17E8E129A402E40058C9C9 /* Preview Assets.xcassets in Resources */ = {isa = PBXBuildFile; fileRef = AE17E8E029A402E40058C9C9 /* Preview Assets.xcassets */; };
		AE17E90B29A42B5B0058C9C9 /* LightningDevKitNode in Frameworks */ = {isa = PBXBuildFile; productRef = AE17E90A29A42B5B0058C9C9 /* LightningDevKitNode */; };
		AE17E90D29A42D430058C9C9 /* LightningNodeService.swift in Sources */ = {isa = PBXBuildFile; fileRef = AE17E90C29A42D430058C9C9 /* LightningNodeService.swift */; };
		AE5C4FD229A5543C00BE3285 /* LightningStorage.swift in Sources */ = {isa = PBXBuildFile; fileRef = AE5C4FD129A5543C00BE3285 /* LightningStorage.swift */; };
		AE5C4FD529A5565700BE3285 /* README.md in Resources */ = {isa = PBXBuildFile; fileRef = AE5C4FD429A5565700BE3285 /* README.md */; };
		AE5C4FD829A5577F00BE3285 /* WalletUI in Frameworks */ = {isa = PBXBuildFile; productRef = AE5C4FD729A5577F00BE3285 /* WalletUI */; };
		AE80116929A59918009B9967 /* TabHomeView.swift in Sources */ = {isa = PBXBuildFile; fileRef = AE80116829A59918009B9967 /* TabHomeView.swift */; };
		AE80116B29A59976009B9967 /* NodeIDView.swift in Sources */ = {isa = PBXBuildFile; fileRef = AE80116A29A59976009B9967 /* NodeIDView.swift */; };
		AE80116D29A59AF4009B9967 /* ChannelView.swift in Sources */ = {isa = PBXBuildFile; fileRef = AE80116C29A59AF4009B9967 /* ChannelView.swift */; };
		AE931D8629A950D200F7F2F7 /* BalanceView.swift in Sources */ = {isa = PBXBuildFile; fileRef = AE931D8529A950D200F7F2F7 /* BalanceView.swift */; };
		AE931D8829AA79DF00F7F2F7 /* NetworkConnection.swift in Sources */ = {isa = PBXBuildFile; fileRef = AE931D8729AA79DF00F7F2F7 /* NetworkConnection.swift */; };
		AEE4CD0129ABC0DB00BF1BF9 /* QRCodeView.swift in Sources */ = {isa = PBXBuildFile; fileRef = AEE4CD0029ABC0DB00BF1BF9 /* QRCodeView.swift */; };
/* End PBXBuildFile section */

/* Begin PBXFileReference section */
		AE17E8D629A402E30058C9C9 /* LDKNodeMonday.app */ = {isa = PBXFileReference; explicitFileType = wrapper.application; includeInIndex = 0; path = LDKNodeMonday.app; sourceTree = BUILT_PRODUCTS_DIR; };
		AE17E8D929A402E30058C9C9 /* LDKNodeMondayApp.swift */ = {isa = PBXFileReference; lastKnownFileType = sourcecode.swift; path = LDKNodeMondayApp.swift; sourceTree = "<group>"; };
		AE17E8DB29A402E30058C9C9 /* AddressView.swift */ = {isa = PBXFileReference; lastKnownFileType = sourcecode.swift; path = AddressView.swift; sourceTree = "<group>"; };
		AE17E8DD29A402E40058C9C9 /* Assets.xcassets */ = {isa = PBXFileReference; lastKnownFileType = folder.assetcatalog; path = Assets.xcassets; sourceTree = "<group>"; };
		AE17E8E029A402E40058C9C9 /* Preview Assets.xcassets */ = {isa = PBXFileReference; lastKnownFileType = folder.assetcatalog; path = "Preview Assets.xcassets"; sourceTree = "<group>"; };
		AE17E90929A42AF90058C9C9 /* swift */ = {isa = PBXFileReference; lastKnownFileType = wrapper; name = swift; path = "../../Desktop/ldk-node/bindings/swift"; sourceTree = "<group>"; };
		AE17E90C29A42D430058C9C9 /* LightningNodeService.swift */ = {isa = PBXFileReference; lastKnownFileType = sourcecode.swift; path = LightningNodeService.swift; sourceTree = "<group>"; };
		AE5C4FD129A5543C00BE3285 /* LightningStorage.swift */ = {isa = PBXFileReference; lastKnownFileType = sourcecode.swift; path = LightningStorage.swift; sourceTree = "<group>"; };
		AE5C4FD429A5565700BE3285 /* README.md */ = {isa = PBXFileReference; lastKnownFileType = net.daringfireball.markdown; path = README.md; sourceTree = "<group>"; };
		AE80116829A59918009B9967 /* TabHomeView.swift */ = {isa = PBXFileReference; lastKnownFileType = sourcecode.swift; path = TabHomeView.swift; sourceTree = "<group>"; };
		AE80116A29A59976009B9967 /* NodeIDView.swift */ = {isa = PBXFileReference; lastKnownFileType = sourcecode.swift; path = NodeIDView.swift; sourceTree = "<group>"; };
		AE80116C29A59AF4009B9967 /* ChannelView.swift */ = {isa = PBXFileReference; lastKnownFileType = sourcecode.swift; path = ChannelView.swift; sourceTree = "<group>"; };
		AE931D8529A950D200F7F2F7 /* BalanceView.swift */ = {isa = PBXFileReference; lastKnownFileType = sourcecode.swift; path = BalanceView.swift; sourceTree = "<group>"; };
		AE931D8729AA79DF00F7F2F7 /* NetworkConnection.swift */ = {isa = PBXFileReference; lastKnownFileType = sourcecode.swift; path = NetworkConnection.swift; sourceTree = "<group>"; };
		AEE4CD0029ABC0DB00BF1BF9 /* QRCodeView.swift */ = {isa = PBXFileReference; lastKnownFileType = sourcecode.swift; path = QRCodeView.swift; sourceTree = "<group>"; };
/* End PBXFileReference section */

/* Begin PBXFrameworksBuildPhase section */
		AE17E8D329A402E30058C9C9 /* Frameworks */ = {
			isa = PBXFrameworksBuildPhase;
			buildActionMask = 2147483647;
			files = (
				AE17E90B29A42B5B0058C9C9 /* LightningDevKitNode in Frameworks */,
				AE5C4FD829A5577F00BE3285 /* WalletUI in Frameworks */,
			);
			runOnlyForDeploymentPostprocessing = 0;
		};
/* End PBXFrameworksBuildPhase section */

/* Begin PBXGroup section */
		AE17E8CD29A402E30058C9C9 = {
			isa = PBXGroup;
			children = (
				AE5C4FD429A5565700BE3285 /* README.md */,
				AE17E8E729A4036C0058C9C9 /* Packages */,
				AE17E8D829A402E30058C9C9 /* LDKNodeMonday */,
				AE17E8D729A402E30058C9C9 /* Products */,
				AE17E8E929A403800058C9C9 /* Frameworks */,
			);
			sourceTree = "<group>";
		};
		AE17E8D729A402E30058C9C9 /* Products */ = {
			isa = PBXGroup;
			children = (
				AE17E8D629A402E30058C9C9 /* LDKNodeMonday.app */,
			);
			name = Products;
			sourceTree = "<group>";
		};
		AE17E8D829A402E30058C9C9 /* LDKNodeMonday */ = {
			isa = PBXGroup;
			children = (
				AE17E8D929A402E30058C9C9 /* LDKNodeMondayApp.swift */,
				AE80116E29A5A64F009B9967 /* View */,
				AE5C4FD329A5550100BE3285 /* Lightning */,
				AE17E8DD29A402E40058C9C9 /* Assets.xcassets */,
				AE17E8DF29A402E40058C9C9 /* Preview Content */,
			);
			path = LDKNodeMonday;
			sourceTree = "<group>";
		};
		AE17E8DF29A402E40058C9C9 /* Preview Content */ = {
			isa = PBXGroup;
			children = (
				AE17E8E029A402E40058C9C9 /* Preview Assets.xcassets */,
			);
			path = "Preview Content";
			sourceTree = "<group>";
		};
		AE17E8E729A4036C0058C9C9 /* Packages */ = {
			isa = PBXGroup;
			children = (
				AE17E90929A42AF90058C9C9 /* swift */,
			);
			name = Packages;
			sourceTree = "<group>";
		};
		AE17E8E929A403800058C9C9 /* Frameworks */ = {
			isa = PBXGroup;
			children = (
			);
			name = Frameworks;
			sourceTree = "<group>";
		};
		AE5C4FD329A5550100BE3285 /* Lightning */ = {
			isa = PBXGroup;
			children = (
				AE17E90C29A42D430058C9C9 /* LightningNodeService.swift */,
				AE5C4FD129A5543C00BE3285 /* LightningStorage.swift */,
				AE931D8929AA79E800F7F2F7 /* Utilities */,
			);
			path = Lightning;
			sourceTree = "<group>";
		};
		AE80116E29A5A64F009B9967 /* View */ = {
			isa = PBXGroup;
			children = (
				AE80116829A59918009B9967 /* TabHomeView.swift */,
				AE17E8DB29A402E30058C9C9 /* AddressView.swift */,
				AE931D8529A950D200F7F2F7 /* BalanceView.swift */,
				AE80116C29A59AF4009B9967 /* ChannelView.swift */,
				AE80116A29A59976009B9967 /* NodeIDView.swift */,
				AEE4CD0029ABC0DB00BF1BF9 /* QRCodeView.swift */,
			);
			path = View;
			sourceTree = "<group>";
		};
		AE931D8929AA79E800F7F2F7 /* Utilities */ = {
			isa = PBXGroup;
			children = (
				AE931D8729AA79DF00F7F2F7 /* NetworkConnection.swift */,
			);
			path = Utilities;
			sourceTree = "<group>";
		};
/* End PBXGroup section */

/* Begin PBXNativeTarget section */
		AE17E8D529A402E30058C9C9 /* LDKNodeMonday */ = {
			isa = PBXNativeTarget;
			buildConfigurationList = AE17E8E429A402E40058C9C9 /* Build configuration list for PBXNativeTarget "LDKNodeMonday" */;
			buildPhases = (
				AE17E8D229A402E30058C9C9 /* Sources */,
				AE17E8D329A402E30058C9C9 /* Frameworks */,
				AE17E8D429A402E30058C9C9 /* Resources */,
			);
			buildRules = (
			);
			dependencies = (
			);
			name = LDKNodeMonday;
			packageProductDependencies = (
				AE17E90A29A42B5B0058C9C9 /* LightningDevKitNode */,
				AE5C4FD729A5577F00BE3285 /* WalletUI */,
			);
			productName = LDKNodeMonday;
			productReference = AE17E8D629A402E30058C9C9 /* LDKNodeMonday.app */;
			productType = "com.apple.product-type.application";
		};
/* End PBXNativeTarget section */

/* Begin PBXProject section */
		AE17E8CE29A402E30058C9C9 /* Project object */ = {
			isa = PBXProject;
			attributes = {
				BuildIndependentTargetsInParallel = 1;
				LastSwiftUpdateCheck = 1420;
				LastUpgradeCheck = 1420;
				TargetAttributes = {
					AE17E8D529A402E30058C9C9 = {
						CreatedOnToolsVersion = 14.2;
					};
				};
			};
			buildConfigurationList = AE17E8D129A402E30058C9C9 /* Build configuration list for PBXProject "LDKNodeMonday" */;
			compatibilityVersion = "Xcode 14.0";
			developmentRegion = en;
			hasScannedForEncodings = 0;
			knownRegions = (
				en,
				Base,
			);
			mainGroup = AE17E8CD29A402E30058C9C9;
			packageReferences = (
				AE5C4FD629A5577F00BE3285 /* XCRemoteSwiftPackageReference "WalletUI" */,
			);
			productRefGroup = AE17E8D729A402E30058C9C9 /* Products */;
			projectDirPath = "";
			projectRoot = "";
			targets = (
				AE17E8D529A402E30058C9C9 /* LDKNodeMonday */,
			);
		};
/* End PBXProject section */

/* Begin PBXResourcesBuildPhase section */
		AE17E8D429A402E30058C9C9 /* Resources */ = {
			isa = PBXResourcesBuildPhase;
			buildActionMask = 2147483647;
			files = (
				AE5C4FD529A5565700BE3285 /* README.md in Resources */,
				AE17E8E129A402E40058C9C9 /* Preview Assets.xcassets in Resources */,
				AE17E8DE29A402E40058C9C9 /* Assets.xcassets in Resources */,
			);
			runOnlyForDeploymentPostprocessing = 0;
		};
/* End PBXResourcesBuildPhase section */

/* Begin PBXSourcesBuildPhase section */
		AE17E8D229A402E30058C9C9 /* Sources */ = {
			isa = PBXSourcesBuildPhase;
			buildActionMask = 2147483647;
			files = (
				AE17E90D29A42D430058C9C9 /* LightningNodeService.swift in Sources */,
				AE17E8DC29A402E30058C9C9 /* AddressView.swift in Sources */,
				AEE4CD0129ABC0DB00BF1BF9 /* QRCodeView.swift in Sources */,
				AE80116929A59918009B9967 /* TabHomeView.swift in Sources */,
				AE5C4FD229A5543C00BE3285 /* LightningStorage.swift in Sources */,
				AE17E8DA29A402E30058C9C9 /* LDKNodeMondayApp.swift in Sources */,
				AE931D8629A950D200F7F2F7 /* BalanceView.swift in Sources */,
				AE80116D29A59AF4009B9967 /* ChannelView.swift in Sources */,
				AE80116B29A59976009B9967 /* NodeIDView.swift in Sources */,
				AE931D8829AA79DF00F7F2F7 /* NetworkConnection.swift in Sources */,
			);
			runOnlyForDeploymentPostprocessing = 0;
		};
/* End PBXSourcesBuildPhase section */

/* Begin XCBuildConfiguration section */
		AE17E8E229A402E40058C9C9 /* Debug */ = {
			isa = XCBuildConfiguration;
			buildSettings = {
				ALWAYS_SEARCH_USER_PATHS = NO;
				CLANG_ANALYZER_NONNULL = YES;
				CLANG_ANALYZER_NUMBER_OBJECT_CONVERSION = YES_AGGRESSIVE;
				CLANG_CXX_LANGUAGE_STANDARD = "gnu++20";
				CLANG_ENABLE_MODULES = YES;
				CLANG_ENABLE_OBJC_ARC = YES;
				CLANG_ENABLE_OBJC_WEAK = YES;
				CLANG_WARN_BLOCK_CAPTURE_AUTORELEASING = YES;
				CLANG_WARN_BOOL_CONVERSION = YES;
				CLANG_WARN_COMMA = YES;
				CLANG_WARN_CONSTANT_CONVERSION = YES;
				CLANG_WARN_DEPRECATED_OBJC_IMPLEMENTATIONS = YES;
				CLANG_WARN_DIRECT_OBJC_ISA_USAGE = YES_ERROR;
				CLANG_WARN_DOCUMENTATION_COMMENTS = YES;
				CLANG_WARN_EMPTY_BODY = YES;
				CLANG_WARN_ENUM_CONVERSION = YES;
				CLANG_WARN_INFINITE_RECURSION = YES;
				CLANG_WARN_INT_CONVERSION = YES;
				CLANG_WARN_NON_LITERAL_NULL_CONVERSION = YES;
				CLANG_WARN_OBJC_IMPLICIT_RETAIN_SELF = YES;
				CLANG_WARN_OBJC_LITERAL_CONVERSION = YES;
				CLANG_WARN_OBJC_ROOT_CLASS = YES_ERROR;
				CLANG_WARN_QUOTED_INCLUDE_IN_FRAMEWORK_HEADER = YES;
				CLANG_WARN_RANGE_LOOP_ANALYSIS = YES;
				CLANG_WARN_STRICT_PROTOTYPES = YES;
				CLANG_WARN_SUSPICIOUS_MOVE = YES;
				CLANG_WARN_UNGUARDED_AVAILABILITY = YES_AGGRESSIVE;
				CLANG_WARN_UNREACHABLE_CODE = YES;
				CLANG_WARN__DUPLICATE_METHOD_MATCH = YES;
				COPY_PHASE_STRIP = NO;
				DEBUG_INFORMATION_FORMAT = dwarf;
				ENABLE_STRICT_OBJC_MSGSEND = YES;
				ENABLE_TESTABILITY = YES;
				GCC_C_LANGUAGE_STANDARD = gnu11;
				GCC_DYNAMIC_NO_PIC = NO;
				GCC_NO_COMMON_BLOCKS = YES;
				GCC_OPTIMIZATION_LEVEL = 0;
				GCC_PREPROCESSOR_DEFINITIONS = (
					"DEBUG=1",
					"$(inherited)",
				);
				GCC_WARN_64_TO_32_BIT_CONVERSION = YES;
				GCC_WARN_ABOUT_RETURN_TYPE = YES_ERROR;
				GCC_WARN_UNDECLARED_SELECTOR = YES;
				GCC_WARN_UNINITIALIZED_AUTOS = YES_AGGRESSIVE;
				GCC_WARN_UNUSED_FUNCTION = YES;
				GCC_WARN_UNUSED_VARIABLE = YES;
				IPHONEOS_DEPLOYMENT_TARGET = 16.2;
				MTL_ENABLE_DEBUG_INFO = INCLUDE_SOURCE;
				MTL_FAST_MATH = YES;
				ONLY_ACTIVE_ARCH = YES;
				SDKROOT = iphoneos;
				SWIFT_ACTIVE_COMPILATION_CONDITIONS = DEBUG;
				SWIFT_OPTIMIZATION_LEVEL = "-Onone";
			};
			name = Debug;
		};
		AE17E8E329A402E40058C9C9 /* Release */ = {
			isa = XCBuildConfiguration;
			buildSettings = {
				ALWAYS_SEARCH_USER_PATHS = NO;
				CLANG_ANALYZER_NONNULL = YES;
				CLANG_ANALYZER_NUMBER_OBJECT_CONVERSION = YES_AGGRESSIVE;
				CLANG_CXX_LANGUAGE_STANDARD = "gnu++20";
				CLANG_ENABLE_MODULES = YES;
				CLANG_ENABLE_OBJC_ARC = YES;
				CLANG_ENABLE_OBJC_WEAK = YES;
				CLANG_WARN_BLOCK_CAPTURE_AUTORELEASING = YES;
				CLANG_WARN_BOOL_CONVERSION = YES;
				CLANG_WARN_COMMA = YES;
				CLANG_WARN_CONSTANT_CONVERSION = YES;
				CLANG_WARN_DEPRECATED_OBJC_IMPLEMENTATIONS = YES;
				CLANG_WARN_DIRECT_OBJC_ISA_USAGE = YES_ERROR;
				CLANG_WARN_DOCUMENTATION_COMMENTS = YES;
				CLANG_WARN_EMPTY_BODY = YES;
				CLANG_WARN_ENUM_CONVERSION = YES;
				CLANG_WARN_INFINITE_RECURSION = YES;
				CLANG_WARN_INT_CONVERSION = YES;
				CLANG_WARN_NON_LITERAL_NULL_CONVERSION = YES;
				CLANG_WARN_OBJC_IMPLICIT_RETAIN_SELF = YES;
				CLANG_WARN_OBJC_LITERAL_CONVERSION = YES;
				CLANG_WARN_OBJC_ROOT_CLASS = YES_ERROR;
				CLANG_WARN_QUOTED_INCLUDE_IN_FRAMEWORK_HEADER = YES;
				CLANG_WARN_RANGE_LOOP_ANALYSIS = YES;
				CLANG_WARN_STRICT_PROTOTYPES = YES;
				CLANG_WARN_SUSPICIOUS_MOVE = YES;
				CLANG_WARN_UNGUARDED_AVAILABILITY = YES_AGGRESSIVE;
				CLANG_WARN_UNREACHABLE_CODE = YES;
				CLANG_WARN__DUPLICATE_METHOD_MATCH = YES;
				COPY_PHASE_STRIP = NO;
				DEBUG_INFORMATION_FORMAT = "dwarf-with-dsym";
				ENABLE_NS_ASSERTIONS = NO;
				ENABLE_STRICT_OBJC_MSGSEND = YES;
				GCC_C_LANGUAGE_STANDARD = gnu11;
				GCC_NO_COMMON_BLOCKS = YES;
				GCC_WARN_64_TO_32_BIT_CONVERSION = YES;
				GCC_WARN_ABOUT_RETURN_TYPE = YES_ERROR;
				GCC_WARN_UNDECLARED_SELECTOR = YES;
				GCC_WARN_UNINITIALIZED_AUTOS = YES_AGGRESSIVE;
				GCC_WARN_UNUSED_FUNCTION = YES;
				GCC_WARN_UNUSED_VARIABLE = YES;
				IPHONEOS_DEPLOYMENT_TARGET = 16.2;
				MTL_ENABLE_DEBUG_INFO = NO;
				MTL_FAST_MATH = YES;
				SDKROOT = iphoneos;
				SWIFT_COMPILATION_MODE = wholemodule;
				SWIFT_OPTIMIZATION_LEVEL = "-O";
				VALIDATE_PRODUCT = YES;
			};
			name = Release;
		};
		AE17E8E529A402E40058C9C9 /* Debug */ = {
			isa = XCBuildConfiguration;
			buildSettings = {
				ASSETCATALOG_COMPILER_APPICON_NAME = AppIcon;
				ASSETCATALOG_COMPILER_GLOBAL_ACCENT_COLOR_NAME = AccentColor;
				CODE_SIGN_STYLE = Automatic;
				CURRENT_PROJECT_VERSION = 1;
				DEVELOPMENT_ASSET_PATHS = "\"LDKNodeMonday/Preview Content\"";
				DEVELOPMENT_TEAM = 9G6M658RKZ;
				ENABLE_PREVIEWS = YES;
				GENERATE_INFOPLIST_FILE = YES;
				INFOPLIST_KEY_UIApplicationSceneManifest_Generation = YES;
				INFOPLIST_KEY_UIApplicationSupportsIndirectInputEvents = YES;
				INFOPLIST_KEY_UILaunchScreen_Generation = YES;
				INFOPLIST_KEY_UISupportedInterfaceOrientations_iPad = "UIInterfaceOrientationPortrait UIInterfaceOrientationPortraitUpsideDown UIInterfaceOrientationLandscapeLeft UIInterfaceOrientationLandscapeRight";
				INFOPLIST_KEY_UISupportedInterfaceOrientations_iPhone = "UIInterfaceOrientationPortrait UIInterfaceOrientationLandscapeLeft UIInterfaceOrientationLandscapeRight";
				LD_RUNPATH_SEARCH_PATHS = (
					"$(inherited)",
					"@executable_path/Frameworks",
				);
				MARKETING_VERSION = 1.0;
				PRODUCT_BUNDLE_IDENTIFIER = com.matthewramsden.LDKNodeMonday;
				PRODUCT_NAME = "$(TARGET_NAME)";
				SWIFT_EMIT_LOC_STRINGS = YES;
				SWIFT_VERSION = 5.0;
				TARGETED_DEVICE_FAMILY = "1,2";
			};
			name = Debug;
		};
		AE17E8E629A402E40058C9C9 /* Release */ = {
			isa = XCBuildConfiguration;
			buildSettings = {
				ASSETCATALOG_COMPILER_APPICON_NAME = AppIcon;
				ASSETCATALOG_COMPILER_GLOBAL_ACCENT_COLOR_NAME = AccentColor;
				CODE_SIGN_STYLE = Automatic;
				CURRENT_PROJECT_VERSION = 1;
				DEVELOPMENT_ASSET_PATHS = "\"LDKNodeMonday/Preview Content\"";
				DEVELOPMENT_TEAM = 9G6M658RKZ;
				ENABLE_PREVIEWS = YES;
				GENERATE_INFOPLIST_FILE = YES;
				INFOPLIST_KEY_UIApplicationSceneManifest_Generation = YES;
				INFOPLIST_KEY_UIApplicationSupportsIndirectInputEvents = YES;
				INFOPLIST_KEY_UILaunchScreen_Generation = YES;
				INFOPLIST_KEY_UISupportedInterfaceOrientations_iPad = "UIInterfaceOrientationPortrait UIInterfaceOrientationPortraitUpsideDown UIInterfaceOrientationLandscapeLeft UIInterfaceOrientationLandscapeRight";
				INFOPLIST_KEY_UISupportedInterfaceOrientations_iPhone = "UIInterfaceOrientationPortrait UIInterfaceOrientationLandscapeLeft UIInterfaceOrientationLandscapeRight";
				LD_RUNPATH_SEARCH_PATHS = (
					"$(inherited)",
					"@executable_path/Frameworks",
				);
				MARKETING_VERSION = 1.0;
				PRODUCT_BUNDLE_IDENTIFIER = com.matthewramsden.LDKNodeMonday;
				PRODUCT_NAME = "$(TARGET_NAME)";
				SWIFT_EMIT_LOC_STRINGS = YES;
				SWIFT_VERSION = 5.0;
				TARGETED_DEVICE_FAMILY = "1,2";
			};
			name = Release;
		};
/* End XCBuildConfiguration section */

/* Begin XCConfigurationList section */
		AE17E8D129A402E30058C9C9 /* Build configuration list for PBXProject "LDKNodeMonday" */ = {
			isa = XCConfigurationList;
			buildConfigurations = (
				AE17E8E229A402E40058C9C9 /* Debug */,
				AE17E8E329A402E40058C9C9 /* Release */,
			);
			defaultConfigurationIsVisible = 0;
			defaultConfigurationName = Release;
		};
		AE17E8E429A402E40058C9C9 /* Build configuration list for PBXNativeTarget "LDKNodeMonday" */ = {
			isa = XCConfigurationList;
			buildConfigurations = (
				AE17E8E529A402E40058C9C9 /* Debug */,
				AE17E8E629A402E40058C9C9 /* Release */,
			);
			defaultConfigurationIsVisible = 0;
			defaultConfigurationName = Release;
		};
/* End XCConfigurationList section */

/* Begin XCRemoteSwiftPackageReference section */
		AE5C4FD629A5577F00BE3285 /* XCRemoteSwiftPackageReference "WalletUI" */ = {
			isa = XCRemoteSwiftPackageReference;
			repositoryURL = "https://github.com/reez/WalletUI.git";
			requirement = {
				branch = main;
				kind = branch;
			};
		};
/* End XCRemoteSwiftPackageReference section */

/* Begin XCSwiftPackageProductDependency section */
		AE17E90A29A42B5B0058C9C9 /* LightningDevKitNode */ = {
			isa = XCSwiftPackageProductDependency;
			productName = LightningDevKitNode;
		};
		AE5C4FD729A5577F00BE3285 /* WalletUI */ = {
			isa = XCSwiftPackageProductDependency;
			package = AE5C4FD629A5577F00BE3285 /* XCRemoteSwiftPackageReference "WalletUI" */;
			productName = WalletUI;
		};
/* End XCSwiftPackageProductDependency section */
	};
	rootObject = AE17E8CE29A402E30058C9C9 /* Project object */;
}
